PODS:
  - AFNetworking (3.2.1):
    - AFNetworking/NSURLSession (= 3.2.1)
    - AFNetworking/Reachability (= 3.2.1)
    - AFNetworking/Security (= 3.2.1)
    - AFNetworking/Serialization (= 3.2.1)
    - AFNetworking/UIKit (= 3.2.1)
  - AFNetworking/NSURLSession (3.2.1):
    - AFNetworking/Reachability
    - AFNetworking/Security
    - AFNetworking/Serialization
  - AFNetworking/Reachability (3.2.1)
  - AFNetworking/Security (3.2.1)
  - AFNetworking/Serialization (3.2.1)
  - AFNetworking/UIKit (3.2.1):
    - AFNetworking/NSURLSession
  - Aspects (1.4.2.1)
  - BlocksKit (2.2.5):
    - BlocksKit/All (= 2.2.5)
  - BlocksKit/All (2.2.5):
    - BlocksKit/Core
    - BlocksKit/DynamicDelegate
    - BlocksKit/MessageUI
    - BlocksKit/UIKit
  - BlocksKit/Core (2.2.5)
  - BlocksKit/DynamicDelegate (2.2.5)
  - BlocksKit/MessageUI (2.2.5):
    - BlocksKit/Core
    - BlocksKit/DynamicDelegate
  - BlocksKit/UIKit (2.2.5):
    - BlocksKit/Core
    - BlocksKit/DynamicDelegate
  - CCDTimeSaver (0.1.2)
  - CocoaSecurity (1.2.4.2)
  - cocore (1.2.0)
  - coobjc (1.2.0):
    - cocore (~> 1.2.0)
  - FBRetainCycleDetector (0.1.4.1)
  - FL_flutter (0.0.1)
  - FMDB (2.7.5):
    - FMDB/standard (= 2.7.5)
  - FMDB/standard (2.7.5)
  - Masonry (1.1.0)
  - MBProgressHUD (1.1.0.1)
  - MJRefresh (2.4.12)
  - MLeaksFinder (1.0.0):
    - FBRetainCycleDetector
  - OCTWebViewBridge (2.1.0)
  - PLeakSniffer (0.2.1):
    - FBRetainCycleDetector
  - ReactiveObjC (3.0.0)
  - SDWebImage (5.0.6):
    - SDWebImage/Core (= 5.0.6)
  - SDWebImage/Core (5.0.6)
  - SnapKit (4.2.0)
  - YYCache (1.0.4)
  - YYImage (1.0.4):
    - YYImage/Core (= 1.0.4)
  - YYImage/Core (1.0.4)
  - YYModel (1.0.4.2)
  - YYText (1.0.7.1)
  - YYWebImage (1.0.5):
    - YYCache
    - YYImage

DEPENDENCIES:
  - AFNetworking
  - Aspects
  - BlocksKit
  - CCDTimeSaver
  - CocoaSecurity
  - coobjc
  - FL_flutter (from `~/Documents/Development/CCDPods/FL_flutter`)
  - FMDB
  - Masonry
  - MBProgressHUD
  - MJRefresh (~> 2.4.7)
  - MLeaksFinder
  - OCTWebViewBridge
  - PLeakSniffer (from `~/Documents/Development/PLeakSniffer`)
  - ReactiveObjC (= 3.0.0)
  - SDWebImage
  - SnapKit
  - YYCache
  - YYModel
  - YYText
  - YYWebImage

SPEC REPOS:
  http://git.2dfire.net/ios/cocoapods-spec.git:
    - Aspects
    - CCDTimeSaver
    - CocoaSecurity
    - FBRetainCycleDetector
    - MBProgressHUD
    - YYModel
    - YYText
  https://github.com/cocoapods/specs.git:
    - AFNetworking
    - BlocksKit
    - cocore
    - coobjc
    - FMDB
    - Masonry
    - MJRefresh
    - MLeaksFinder
    - OCTWebViewBridge
    - ReactiveObjC
    - SDWebImage
    - SnapKit
    - YYCache
    - YYImage
    - YYWebImage

EXTERNAL SOURCES:
  FL_flutter:
    :path: "~/Documents/Development/CCDPods/FL_flutter"
  PLeakSniffer:
    :path: "~/Documents/Development/PLeakSniffer"

SPEC CHECKSUMS:
  AFNetworking: b6f891fdfaed196b46c7a83cf209e09697b94057
  Aspects: 2a29023e54b6dd92a5fec8ead8e8607b41b45efa
  BlocksKit: 7f422b971407001178d181a43b99014ea2591fe6
  CCDTimeSaver: 8c149554294d68fda7d60ca4472e6762ae5c8311
  CocoaSecurity: c1287f056a21fa88a74e4d7f57f56b0a1a6e64b0
  cocore: cc9d76229458f286a632d9cecb63bd699bd3529d
  coobjc: 090a460e32e90d0e820e64c31cf7b79dece51a7c
  FBRetainCycleDetector: 22a77c1446a858961ee4bce6e943603add9db037
  FL_flutter: ed58935b6366331162251bc64d5f439a3cf64458
  FMDB: 2ce00b547f966261cd18927a3ddb07cb6f3db82a
  Masonry: 678fab65091a9290e40e2832a55e7ab731aad201
  MBProgressHUD: 443c07c0aa22772fbe3702db40fc65c36d80155e
  MJRefresh: ca8e9589895977df32d379d46e6b8a5450b3ff44
  MLeaksFinder: 8c435bd2f6d070af18cff082b503b21adc130fc0
  OCTWebViewBridge: e7712ef0c0670905da57b8a36d3f02a43115c507
  PLeakSniffer: 1b1d8afddced058a0f359464a41f17127c7d6db7
  ReactiveObjC: ce79989e8684b9086b5f8d0c74bc7b81a8729c9e
  SDWebImage: 920f1a2ff1ca8296ad34f6e0510a1ef1d70ac965
  SnapKit: fe8a619752f3f27075cc9a90244d75c6c3f27e2a
  YYCache: 8105b6638f5e849296c71f331ff83891a4942952
  YYImage: 1e1b62a9997399593e4b9c4ecfbbabbf1d3f3b54
  YYModel: 4fb57c2e53b0d22dc4414878928ece524bf30788
  YYText: 1b20648f2be4d853c390e98315ff403864e92f01
  YYWebImage: 5f7f36aee2ae293f016d418c7d6ba05c4863e928

PODFILE CHECKSUM: 2984194d4633d7d48627e8f19e5a97fe18a94d55

COCOAPODS: 1.6.0
