// !$*UTF8*$!
{
	archiveVersion = 1;
	classes = {
	};
	objectVersion = 46;
	objects = {

/* Begin PBXBuildFile section */
		2335DCBB1E0E137100C48142 /* testWeb.html in Resources */ = {isa = PBXBuildFile; fileRef = 2335DCBA1E0E137100C48142 /* testWeb.html */; };
		23608A921E050F7100C4D190 /* WZDCustomView.m in Sources */ = {isa = PBXBuildFile; fileRef = 23608A911E050F7100C4D190 /* WZDCustomView.m */; };
		236098921D980892009C589B /* main.m in Sources */ = {isa = PBXBuildFile; fileRef = 236098911D980892009C589B /* main.m */; };
		236098951D980892009C589B /* AppDelegate.m in Sources */ = {isa = PBXBuildFile; fileRef = 236098941D980892009C589B /* AppDelegate.m */; };
		236098981D980892009C589B /* WZDMainViewController.m in Sources */ = {isa = PBXBuildFile; fileRef = 236098971D980892009C589B /* WZDMainViewController.m */; };
		2360989D1D980892009C589B /* Assets.xcassets in Resources */ = {isa = PBXBuildFile; fileRef = 2360989C1D980892009C589B /* Assets.xcassets */; };
		236098A01D980892009C589B /* LaunchScreen.storyboard in Resources */ = {isa = PBXBuildFile; fileRef = 2360989E1D980892009C589B /* LaunchScreen.storyboard */; };
		236098AB1D980892009C589B /* MyHomeWorkTests.m in Sources */ = {isa = PBXBuildFile; fileRef = 236098AA1D980892009C589B /* MyHomeWorkTests.m */; };
		236098B61D980892009C589B /* MyHomeWorkUITests.m in Sources */ = {isa = PBXBuildFile; fileRef = 236098B51D980892009C589B /* MyHomeWorkUITests.m */; };
		2374CFA31E516696001B799D /* DHPopTableViewCellModel.m in Sources */ = {isa = PBXBuildFile; fileRef = 2374CFA21E516696001B799D /* DHPopTableViewCellModel.m */; };
		2374CFAF1E518C62001B799D /* DHAllOrderModel.m in Sources */ = {isa = PBXBuildFile; fileRef = 2374CFA61E518C62001B799D /* DHAllOrderModel.m */; };
		2374CFB01E518C62001B799D /* DHMessageKinds.m in Sources */ = {isa = PBXBuildFile; fileRef = 2374CFA81E518C62001B799D /* DHMessageKinds.m */; };
		2374CFB11E518C62001B799D /* DHMessageModel.m in Sources */ = {isa = PBXBuildFile; fileRef = 2374CFAA1E518C62001B799D /* DHMessageModel.m */; };
		2374CFB21E518C62001B799D /* DHOrderKind.m in Sources */ = {isa = PBXBuildFile; fileRef = 2374CFAC1E518C62001B799D /* DHOrderKind.m */; };
		2374CFB31E518C62001B799D /* DHOrderModel.m in Sources */ = {isa = PBXBuildFile; fileRef = 2374CFAE1E518C62001B799D /* DHOrderModel.m */; };
		2374CFBA1E518D45001B799D /* FRCBaseViewController.m in Sources */ = {isa = PBXBuildFile; fileRef = 2374CFB91E518D45001B799D /* FRCBaseViewController.m */; };
		2374CFBD1E5195A3001B799D /* UIViewController+DHRouter.m in Sources */ = {isa = PBXBuildFile; fileRef = 2374CFBC1E5195A3001B799D /* UIViewController+DHRouter.m */; };
		2374CFC01E51A247001B799D /* FRCMainViewController.m in Sources */ = {isa = PBXBuildFile; fileRef = 2374CFBF1E51A247001B799D /* FRCMainViewController.m */; };
		2375163E1E4D613E00FB5868 /* DHPopTableView.m in Sources */ = {isa = PBXBuildFile; fileRef = 2375163B1E4D613E00FB5868 /* DHPopTableView.m */; };
		2375163F1E4D613E00FB5868 /* DHPopTableViewStyle.m in Sources */ = {isa = PBXBuildFile; fileRef = 2375163D1E4D613E00FB5868 /* DHPopTableViewStyle.m */; };
		237516411E4D617F00FB5868 /* popData.json in Resources */ = {isa = PBXBuildFile; fileRef = 237516401E4D617F00FB5868 /* popData.json */; };
		23A5E7501E4DA04A008DCAEE /* message.json in Resources */ = {isa = PBXBuildFile; fileRef = 23A5E74F1E4DA04A008DCAEE /* message.json */; };
		23A5E7531E4DA59E008DCAEE /* DHPopTableViewCell.m in Sources */ = {isa = PBXBuildFile; fileRef = 23A5E7521E4DA59E008DCAEE /* DHPopTableViewCell.m */; };
		23D3682E1E4C5A5300ECC80D /* test2.png in Resources */ = {isa = PBXBuildFile; fileRef = 23D368301E4C5A5300ECC80D /* test2.png */; };
		23DE6A191E46F3A800B3FFFD /* InfoPlist.strings in Resources */ = {isa = PBXBuildFile; fileRef = 23DE6A1B1E46F3A800B3FFFD /* InfoPlist.strings */; };
		23DE6A231E46F7F200B3FFFD /* Localizable.strings in Resources */ = {isa = PBXBuildFile; fileRef = 23DE6A251E46F7F200B3FFFD /* Localizable.strings */; };
		36B3E01D9D1E692147BBD537 /* libPods-MyHomeWork.a in Frameworks */ = {isa = PBXBuildFile; fileRef = 69599EA15F9C66C29E99337B /* libPods-MyHomeWork.a */; };
/* End PBXBuildFile section */

/* Begin PBXContainerItemProxy section */
		236098A71D980892009C589B /* PBXContainerItemProxy */ = {
			isa = PBXContainerItemProxy;
			containerPortal = 236098851D980892009C589B /* Project object */;
			proxyType = 1;
			remoteGlobalIDString = 2360988C1D980892009C589B;
			remoteInfo = MyHomeWork;
		};
		236098B21D980892009C589B /* PBXContainerItemProxy */ = {
			isa = PBXContainerItemProxy;
			containerPortal = 236098851D980892009C589B /* Project object */;
			proxyType = 1;
			remoteGlobalIDString = 2360988C1D980892009C589B;
			remoteInfo = MyHomeWork;
		};
/* End PBXContainerItemProxy section */

/* Begin PBXFileReference section */
		0BCFDF0087E34B7DC8491769 /* Pods-MyHomeWork.debug.xcconfig */ = {isa = PBXFileReference; includeInIndex = 1; lastKnownFileType = text.xcconfig; name = "Pods-MyHomeWork.debug.xcconfig"; path = "Pods/Target Support Files/Pods-MyHomeWork/Pods-MyHomeWork.debug.xcconfig"; sourceTree = "<group>"; };
		2335DCBA1E0E137100C48142 /* testWeb.html */ = {isa = PBXFileReference; fileEncoding = 4; lastKnownFileType = text.html; path = testWeb.html; sourceTree = "<group>"; };
		23608A901E050F7100C4D190 /* WZDCustomView.h */ = {isa = PBXFileReference; fileEncoding = 4; lastKnownFileType = sourcecode.c.h; path = WZDCustomView.h; sourceTree = "<group>"; };
		23608A911E050F7100C4D190 /* WZDCustomView.m */ = {isa = PBXFileReference; fileEncoding = 4; lastKnownFileType = sourcecode.c.objc; path = WZDCustomView.m; sourceTree = "<group>"; };
		2360988D1D980892009C589B /* MyHomeWork.app */ = {isa = PBXFileReference; explicitFileType = wrapper.application; includeInIndex = 0; path = MyHomeWork.app; sourceTree = BUILT_PRODUCTS_DIR; };
		236098911D980892009C589B /* main.m */ = {isa = PBXFileReference; lastKnownFileType = sourcecode.c.objc; path = main.m; sourceTree = "<group>"; };
		236098931D980892009C589B /* AppDelegate.h */ = {isa = PBXFileReference; lastKnownFileType = sourcecode.c.h; path = AppDelegate.h; sourceTree = "<group>"; };
		236098941D980892009C589B /* AppDelegate.m */ = {isa = PBXFileReference; lastKnownFileType = sourcecode.c.objc; path = AppDelegate.m; sourceTree = "<group>"; };
		236098961D980892009C589B /* WZDMainViewController.h */ = {isa = PBXFileReference; lastKnownFileType = sourcecode.c.h; path = WZDMainViewController.h; sourceTree = "<group>"; };
		236098971D980892009C589B /* WZDMainViewController.m */ = {isa = PBXFileReference; lastKnownFileType = sourcecode.c.objc; path = WZDMainViewController.m; sourceTree = "<group>"; };
		2360989C1D980892009C589B /* Assets.xcassets */ = {isa = PBXFileReference; lastKnownFileType = folder.assetcatalog; path = Assets.xcassets; sourceTree = "<group>"; };
		2360989F1D980892009C589B /* Base */ = {isa = PBXFileReference; lastKnownFileType = file.storyboard; name = Base; path = Base.lproj/LaunchScreen.storyboard; sourceTree = "<group>"; };
		236098A11D980892009C589B /* Info.plist */ = {isa = PBXFileReference; lastKnownFileType = text.plist.xml; path = Info.plist; sourceTree = "<group>"; };
		236098A61D980892009C589B /* MyHomeWorkTests.xctest */ = {isa = PBXFileReference; explicitFileType = wrapper.cfbundle; includeInIndex = 0; path = MyHomeWorkTests.xctest; sourceTree = BUILT_PRODUCTS_DIR; };
		236098AA1D980892009C589B /* MyHomeWorkTests.m */ = {isa = PBXFileReference; lastKnownFileType = sourcecode.c.objc; path = MyHomeWorkTests.m; sourceTree = "<group>"; };
		236098AC1D980892009C589B /* Info.plist */ = {isa = PBXFileReference; lastKnownFileType = text.plist.xml; path = Info.plist; sourceTree = "<group>"; };
		236098B11D980892009C589B /* MyHomeWorkUITests.xctest */ = {isa = PBXFileReference; explicitFileType = wrapper.cfbundle; includeInIndex = 0; path = MyHomeWorkUITests.xctest; sourceTree = BUILT_PRODUCTS_DIR; };
		236098B51D980892009C589B /* MyHomeWorkUITests.m */ = {isa = PBXFileReference; lastKnownFileType = sourcecode.c.objc; path = MyHomeWorkUITests.m; sourceTree = "<group>"; };
		236098B71D980892009C589B /* Info.plist */ = {isa = PBXFileReference; lastKnownFileType = text.plist.xml; path = Info.plist; sourceTree = "<group>"; };
		2374CFA11E516696001B799D /* DHPopTableViewCellModel.h */ = {isa = PBXFileReference; fileEncoding = 4; lastKnownFileType = sourcecode.c.h; path = DHPopTableViewCellModel.h; sourceTree = "<group>"; };
		2374CFA21E516696001B799D /* DHPopTableViewCellModel.m */ = {isa = PBXFileReference; fileEncoding = 4; lastKnownFileType = sourcecode.c.objc; path = DHPopTableViewCellModel.m; sourceTree = "<group>"; };
		2374CFA51E518C62001B799D /* DHAllOrderModel.h */ = {isa = PBXFileReference; fileEncoding = 4; lastKnownFileType = sourcecode.c.h; path = DHAllOrderModel.h; sourceTree = "<group>"; };
		2374CFA61E518C62001B799D /* DHAllOrderModel.m */ = {isa = PBXFileReference; fileEncoding = 4; lastKnownFileType = sourcecode.c.objc; path = DHAllOrderModel.m; sourceTree = "<group>"; };
		2374CFA71E518C62001B799D /* DHMessageKinds.h */ = {isa = PBXFileReference; fileEncoding = 4; lastKnownFileType = sourcecode.c.h; path = DHMessageKinds.h; sourceTree = "<group>"; };
		2374CFA81E518C62001B799D /* DHMessageKinds.m */ = {isa = PBXFileReference; fileEncoding = 4; lastKnownFileType = sourcecode.c.objc; path = DHMessageKinds.m; sourceTree = "<group>"; };
		2374CFA91E518C62001B799D /* DHMessageModel.h */ = {isa = PBXFileReference; fileEncoding = 4; lastKnownFileType = sourcecode.c.h; path = DHMessageModel.h; sourceTree = "<group>"; };
		2374CFAA1E518C62001B799D /* DHMessageModel.m */ = {isa = PBXFileReference; fileEncoding = 4; lastKnownFileType = sourcecode.c.objc; path = DHMessageModel.m; sourceTree = "<group>"; };
		2374CFAB1E518C62001B799D /* DHOrderKind.h */ = {isa = PBXFileReference; fileEncoding = 4; lastKnownFileType = sourcecode.c.h; path = DHOrderKind.h; sourceTree = "<group>"; };
		2374CFAC1E518C62001B799D /* DHOrderKind.m */ = {isa = PBXFileReference; fileEncoding = 4; lastKnownFileType = sourcecode.c.objc; path = DHOrderKind.m; sourceTree = "<group>"; };
		2374CFAD1E518C62001B799D /* DHOrderModel.h */ = {isa = PBXFileReference; fileEncoding = 4; lastKnownFileType = sourcecode.c.h; path = DHOrderModel.h; sourceTree = "<group>"; };
		2374CFAE1E518C62001B799D /* DHOrderModel.m */ = {isa = PBXFileReference; fileEncoding = 4; lastKnownFileType = sourcecode.c.objc; path = DHOrderModel.m; sourceTree = "<group>"; };
		2374CFB81E518D45001B799D /* FRCBaseViewController.h */ = {isa = PBXFileReference; fileEncoding = 4; lastKnownFileType = sourcecode.c.h; path = FRCBaseViewController.h; sourceTree = "<group>"; };
		2374CFB91E518D45001B799D /* FRCBaseViewController.m */ = {isa = PBXFileReference; fileEncoding = 4; lastKnownFileType = sourcecode.c.objc; path = FRCBaseViewController.m; sourceTree = "<group>"; };
		2374CFBB1E5195A3001B799D /* UIViewController+DHRouter.h */ = {isa = PBXFileReference; fileEncoding = 4; lastKnownFileType = sourcecode.c.h; path = "UIViewController+DHRouter.h"; sourceTree = "<group>"; };
		2374CFBC1E5195A3001B799D /* UIViewController+DHRouter.m */ = {isa = PBXFileReference; fileEncoding = 4; lastKnownFileType = sourcecode.c.objc; path = "UIViewController+DHRouter.m"; sourceTree = "<group>"; };
		2374CFBE1E51A247001B799D /* FRCMainViewController.h */ = {isa = PBXFileReference; fileEncoding = 4; lastKnownFileType = sourcecode.c.h; path = FRCMainViewController.h; sourceTree = "<group>"; };
		2374CFBF1E51A247001B799D /* FRCMainViewController.m */ = {isa = PBXFileReference; fileEncoding = 4; lastKnownFileType = sourcecode.c.objc; path = FRCMainViewController.m; sourceTree = "<group>"; };
		2375163A1E4D613E00FB5868 /* DHPopTableView.h */ = {isa = PBXFileReference; fileEncoding = 4; lastKnownFileType = sourcecode.c.h; path = DHPopTableView.h; sourceTree = "<group>"; };
		2375163B1E4D613E00FB5868 /* DHPopTableView.m */ = {isa = PBXFileReference; fileEncoding = 4; lastKnownFileType = sourcecode.c.objc; path = DHPopTableView.m; sourceTree = "<group>"; };
		2375163C1E4D613E00FB5868 /* DHPopTableViewStyle.h */ = {isa = PBXFileReference; fileEncoding = 4; lastKnownFileType = sourcecode.c.h; path = DHPopTableViewStyle.h; sourceTree = "<group>"; };
		2375163D1E4D613E00FB5868 /* DHPopTableViewStyle.m */ = {isa = PBXFileReference; fileEncoding = 4; lastKnownFileType = sourcecode.c.objc; path = DHPopTableViewStyle.m; sourceTree = "<group>"; };
		237516401E4D617F00FB5868 /* popData.json */ = {isa = PBXFileReference; fileEncoding = 4; lastKnownFileType = text.json; path = popData.json; sourceTree = "<group>"; };
		23A5E74F1E4DA04A008DCAEE /* message.json */ = {isa = PBXFileReference; fileEncoding = 4; lastKnownFileType = text.json; path = message.json; sourceTree = "<group>"; };
		23A5E7511E4DA59E008DCAEE /* DHPopTableViewCell.h */ = {isa = PBXFileReference; fileEncoding = 4; lastKnownFileType = sourcecode.c.h; path = DHPopTableViewCell.h; sourceTree = "<group>"; };
		23A5E7521E4DA59E008DCAEE /* DHPopTableViewCell.m */ = {isa = PBXFileReference; fileEncoding = 4; lastKnownFileType = sourcecode.c.objc; path = DHPopTableViewCell.m; sourceTree = "<group>"; };
		23D368171E4C0ABE00ECC80D /* MyHomeWork-Prefix.pch */ = {isa = PBXFileReference; fileEncoding = 4; lastKnownFileType = sourcecode.c.h; path = "MyHomeWork-Prefix.pch"; sourceTree = "<group>"; };
		23D3682F1E4C5A5300ECC80D /* en */ = {isa = PBXFileReference; lastKnownFileType = image.png; name = en; path = en.lproj/test2.png; sourceTree = "<group>"; };
		23D368311E4C5A5900ECC80D /* zh-Hans */ = {isa = PBXFileReference; lastKnownFileType = image.png; name = "zh-Hans"; path = "zh-Hans.lproj/test2.png"; sourceTree = "<group>"; };
		23DE6A0E1E46F27E00B3FFFD /* fr */ = {isa = PBXFileReference; lastKnownFileType = text.plist.strings; name = fr; path = fr.lproj/LaunchScreen.strings; sourceTree = "<group>"; };
		23DE6A101E46F28400B3FFFD /* zh-Hans */ = {isa = PBXFileReference; lastKnownFileType = text.plist.strings; name = "zh-Hans"; path = "zh-Hans.lproj/LaunchScreen.strings"; sourceTree = "<group>"; };
		23DE6A121E46F28900B3FFFD /* zh-Hant */ = {isa = PBXFileReference; lastKnownFileType = text.plist.strings; name = "zh-Hant"; path = "zh-Hant.lproj/LaunchScreen.strings"; sourceTree = "<group>"; };
		23DE6A141E46F29100B3FFFD /* ja */ = {isa = PBXFileReference; lastKnownFileType = text.plist.strings; name = ja; path = ja.lproj/LaunchScreen.strings; sourceTree = "<group>"; };
		23DE6A161E46F29D00B3FFFD /* ko */ = {isa = PBXFileReference; lastKnownFileType = text.plist.strings; name = ko; path = ko.lproj/LaunchScreen.strings; sourceTree = "<group>"; };
		23DE6A1A1E46F3A800B3FFFD /* en */ = {isa = PBXFileReference; lastKnownFileType = text.plist.strings; name = en; path = en.lproj/InfoPlist.strings; sourceTree = "<group>"; };
		23DE6A1C1E46F3D800B3FFFD /* fr */ = {isa = PBXFileReference; lastKnownFileType = text.plist.strings; name = fr; path = fr.lproj/InfoPlist.strings; sourceTree = "<group>"; };
		23DE6A1D1E46F3DA00B3FFFD /* zh-Hans */ = {isa = PBXFileReference; lastKnownFileType = text.plist.strings; name = "zh-Hans"; path = "zh-Hans.lproj/InfoPlist.strings"; sourceTree = "<group>"; };
		23DE6A1E1E46F3DB00B3FFFD /* zh-Hant */ = {isa = PBXFileReference; lastKnownFileType = text.plist.strings; name = "zh-Hant"; path = "zh-Hant.lproj/InfoPlist.strings"; sourceTree = "<group>"; };
		23DE6A1F1E46F3DC00B3FFFD /* ja */ = {isa = PBXFileReference; lastKnownFileType = text.plist.strings; name = ja; path = ja.lproj/InfoPlist.strings; sourceTree = "<group>"; };
		23DE6A201E46F3DF00B3FFFD /* ko */ = {isa = PBXFileReference; lastKnownFileType = text.plist.strings; name = ko; path = ko.lproj/InfoPlist.strings; sourceTree = "<group>"; };
		23DE6A241E46F7F200B3FFFD /* en */ = {isa = PBXFileReference; lastKnownFileType = text.plist.strings; name = en; path = en.lproj/Localizable.strings; sourceTree = "<group>"; };
		23DE6A261E46F7F400B3FFFD /* fr */ = {isa = PBXFileReference; lastKnownFileType = text.plist.strings; name = fr; path = fr.lproj/Localizable.strings; sourceTree = "<group>"; };
		23DE6A271E46F7FB00B3FFFD /* zh-Hans */ = {isa = PBXFileReference; lastKnownFileType = text.plist.strings; name = "zh-Hans"; path = "zh-Hans.lproj/Localizable.strings"; sourceTree = "<group>"; };
		23DE6A281E46F7FD00B3FFFD /* zh-Hant */ = {isa = PBXFileReference; lastKnownFileType = text.plist.strings; name = "zh-Hant"; path = "zh-Hant.lproj/Localizable.strings"; sourceTree = "<group>"; };
		23DE6A291E46F7FE00B3FFFD /* ko */ = {isa = PBXFileReference; lastKnownFileType = text.plist.strings; name = ko; path = ko.lproj/Localizable.strings; sourceTree = "<group>"; };
		69599EA15F9C66C29E99337B /* libPods-MyHomeWork.a */ = {isa = PBXFileReference; explicitFileType = archive.ar; includeInIndex = 0; path = "libPods-MyHomeWork.a"; sourceTree = BUILT_PRODUCTS_DIR; };
		FC7A47D341A6CDDDD0A9797C /* Pods-MyHomeWork.release.xcconfig */ = {isa = PBXFileReference; includeInIndex = 1; lastKnownFileType = text.xcconfig; name = "Pods-MyHomeWork.release.xcconfig"; path = "Pods/Target Support Files/Pods-MyHomeWork/Pods-MyHomeWork.release.xcconfig"; sourceTree = "<group>"; };
/* End PBXFileReference section */

/* Begin PBXFrameworksBuildPhase section */
		2360988A1D980892009C589B /* Frameworks */ = {
			isa = PBXFrameworksBuildPhase;
			buildActionMask = 2147483647;
			files = (
				36B3E01D9D1E692147BBD537 /* libPods-MyHomeWork.a in Frameworks */,
			);
			runOnlyForDeploymentPostprocessing = 0;
		};
		236098A31D980892009C589B /* Frameworks */ = {
			isa = PBXFrameworksBuildPhase;
			buildActionMask = 2147483647;
			files = (
			);
			runOnlyForDeploymentPostprocessing = 0;
		};
		236098AE1D980892009C589B /* Frameworks */ = {
			isa = PBXFrameworksBuildPhase;
			buildActionMask = 2147483647;
			files = (
			);
			runOnlyForDeploymentPostprocessing = 0;
		};
/* End PBXFrameworksBuildPhase section */

/* Begin PBXGroup section */
		2335DCB91E0E130F00C48142 /* Web */ = {
			isa = PBXGroup;
			children = (
				2335DCBA1E0E137100C48142 /* testWeb.html */,
			);
			path = Web;
			sourceTree = "<group>";
		};
		236098841D980892009C589B = {
			isa = PBXGroup;
			children = (
				2360988F1D980892009C589B /* MyHomeWork */,
				236098A91D980892009C589B /* MyHomeWorkTests */,
				236098B41D980892009C589B /* MyHomeWorkUITests */,
				2360988E1D980892009C589B /* Products */,
				554CF75A9F8F4738FF739435 /* Pods */,
				67121C25D85C392F9D5132BA /* Frameworks */,
			);
			sourceTree = "<group>";
		};
		2360988E1D980892009C589B /* Products */ = {
			isa = PBXGroup;
			children = (
				2360988D1D980892009C589B /* MyHomeWork.app */,
				236098A61D980892009C589B /* MyHomeWorkTests.xctest */,
				236098B11D980892009C589B /* MyHomeWorkUITests.xctest */,
			);
			name = Products;
			sourceTree = "<group>";
		};
		2360988F1D980892009C589B /* MyHomeWork */ = {
			isa = PBXGroup;
			children = (
				2374CFB71E518D45001B799D /* BaseViewController */,
				2374CFA41E518C62001B799D /* Model */,
				237516391E4D613E00FB5868 /* PopTableView */,
				23D3681C1E4C580400ECC80D /* images */,
				2335DCB91E0E130F00C48142 /* Web */,
				236098931D980892009C589B /* AppDelegate.h */,
				236098941D980892009C589B /* AppDelegate.m */,
				236098961D980892009C589B /* WZDMainViewController.h */,
				236098971D980892009C589B /* WZDMainViewController.m */,
				2374CFBE1E51A247001B799D /* FRCMainViewController.h */,
				2374CFBF1E51A247001B799D /* FRCMainViewController.m */,
				23608A901E050F7100C4D190 /* WZDCustomView.h */,
				23608A911E050F7100C4D190 /* WZDCustomView.m */,
				2360989C1D980892009C589B /* Assets.xcassets */,
				2360989E1D980892009C589B /* LaunchScreen.storyboard */,
				236098A11D980892009C589B /* Info.plist */,
				23DE6A251E46F7F200B3FFFD /* Localizable.strings */,
				23DE6A1B1E46F3A800B3FFFD /* InfoPlist.strings */,
				236098901D980892009C589B /* Supporting Files */,
			);
			path = MyHomeWork;
			sourceTree = "<group>";
		};
		236098901D980892009C589B /* Supporting Files */ = {
			isa = PBXGroup;
			children = (
				236098911D980892009C589B /* main.m */,
				23D368171E4C0ABE00ECC80D /* MyHomeWork-Prefix.pch */,
			);
			name = "Supporting Files";
			sourceTree = "<group>";
		};
		236098A91D980892009C589B /* MyHomeWorkTests */ = {
			isa = PBXGroup;
			children = (
				236098AA1D980892009C589B /* MyHomeWorkTests.m */,
				236098AC1D980892009C589B /* Info.plist */,
			);
			path = MyHomeWorkTests;
			sourceTree = "<group>";
		};
		236098B41D980892009C589B /* MyHomeWorkUITests */ = {
			isa = PBXGroup;
			children = (
				236098B51D980892009C589B /* MyHomeWorkUITests.m */,
				236098B71D980892009C589B /* Info.plist */,
			);
			path = MyHomeWorkUITests;
			sourceTree = "<group>";
		};
		2374CFA41E518C62001B799D /* Model */ = {
			isa = PBXGroup;
			children = (
				2374CFA51E518C62001B799D /* DHAllOrderModel.h */,
				2374CFA61E518C62001B799D /* DHAllOrderModel.m */,
				2374CFA71E518C62001B799D /* DHMessageKinds.h */,
				2374CFA81E518C62001B799D /* DHMessageKinds.m */,
				2374CFA91E518C62001B799D /* DHMessageModel.h */,
				2374CFAA1E518C62001B799D /* DHMessageModel.m */,
				2374CFAB1E518C62001B799D /* DHOrderKind.h */,
				2374CFAC1E518C62001B799D /* DHOrderKind.m */,
				2374CFAD1E518C62001B799D /* DHOrderModel.h */,
				2374CFAE1E518C62001B799D /* DHOrderModel.m */,
			);
			path = Model;
			sourceTree = "<group>";
		};
		2374CFB71E518D45001B799D /* BaseViewController */ = {
			isa = PBXGroup;
			children = (
				2374CFB81E518D45001B799D /* FRCBaseViewController.h */,
				2374CFB91E518D45001B799D /* FRCBaseViewController.m */,
				2374CFBB1E5195A3001B799D /* UIViewController+DHRouter.h */,
				2374CFBC1E5195A3001B799D /* UIViewController+DHRouter.m */,
			);
			path = BaseViewController;
			sourceTree = "<group>";
		};
		237516391E4D613E00FB5868 /* PopTableView */ = {
			isa = PBXGroup;
			children = (
				2375163A1E4D613E00FB5868 /* DHPopTableView.h */,
				2375163B1E4D613E00FB5868 /* DHPopTableView.m */,
				23A5E7511E4DA59E008DCAEE /* DHPopTableViewCell.h */,
				23A5E7521E4DA59E008DCAEE /* DHPopTableViewCell.m */,
				2374CFA11E516696001B799D /* DHPopTableViewCellModel.h */,
				2374CFA21E516696001B799D /* DHPopTableViewCellModel.m */,
				2375163C1E4D613E00FB5868 /* DHPopTableViewStyle.h */,
				2375163D1E4D613E00FB5868 /* DHPopTableViewStyle.m */,
				237516401E4D617F00FB5868 /* popData.json */,
				23A5E74F1E4DA04A008DCAEE /* message.json */,
			);
			path = PopTableView;
			sourceTree = "<group>";
		};
		23D3681C1E4C580400ECC80D /* images */ = {
			isa = PBXGroup;
			children = (
				23D368301E4C5A5300ECC80D /* test2.png */,
			);
			path = images;
			sourceTree = "<group>";
		};
		554CF75A9F8F4738FF739435 /* Pods */ = {
			isa = PBXGroup;
			children = (
				0BCFDF0087E34B7DC8491769 /* Pods-MyHomeWork.debug.xcconfig */,
				FC7A47D341A6CDDDD0A9797C /* Pods-MyHomeWork.release.xcconfig */,
			);
			name = Pods;
			sourceTree = "<group>";
		};
		67121C25D85C392F9D5132BA /* Frameworks */ = {
			isa = PBXGroup;
			children = (
				69599EA15F9C66C29E99337B /* libPods-MyHomeWork.a */,
			);
			name = Frameworks;
			sourceTree = "<group>";
		};
/* End PBXGroup section */

/* Begin PBXNativeTarget section */
		2360988C1D980892009C589B /* MyHomeWork */ = {
			isa = PBXNativeTarget;
			buildConfigurationList = 236098BA1D980892009C589B /* Build configuration list for PBXNativeTarget "MyHomeWork" */;
			buildPhases = (
				D469D670E707F16AA547A6A3 /* [CP] Check Pods Manifest.lock */,
				236098891D980892009C589B /* Sources */,
				2360988A1D980892009C589B /* Frameworks */,
				2360988B1D980892009C589B /* Resources */,
				FCB4747C5C2A17364E69156B /* [CP] Embed Pods Frameworks */,
				99BFA0DD49ACD5C9BE45D3C6 /* [CP] Copy Pods Resources */,
			);
			buildRules = (
			);
			dependencies = (
			);
			name = MyHomeWork;
			productName = MyHomeWork;
			productReference = 2360988D1D980892009C589B /* MyHomeWork.app */;
			productType = "com.apple.product-type.application";
		};
		236098A51D980892009C589B /* MyHomeWorkTests */ = {
			isa = PBXNativeTarget;
			buildConfigurationList = 236098BD1D980892009C589B /* Build configuration list for PBXNativeTarget "MyHomeWorkTests" */;
			buildPhases = (
				236098A21D980892009C589B /* Sources */,
				236098A31D980892009C589B /* Frameworks */,
				236098A41D980892009C589B /* Resources */,
			);
			buildRules = (
			);
			dependencies = (
				236098A81D980892009C589B /* PBXTargetDependency */,
			);
			name = MyHomeWorkTests;
			productName = MyHomeWorkTests;
			productReference = 236098A61D980892009C589B /* MyHomeWorkTests.xctest */;
			productType = "com.apple.product-type.bundle.unit-test";
		};
		236098B01D980892009C589B /* MyHomeWorkUITests */ = {
			isa = PBXNativeTarget;
			buildConfigurationList = 236098C01D980892009C589B /* Build configuration list for PBXNativeTarget "MyHomeWorkUITests" */;
			buildPhases = (
				236098AD1D980892009C589B /* Sources */,
				236098AE1D980892009C589B /* Frameworks */,
				236098AF1D980892009C589B /* Resources */,
			);
			buildRules = (
			);
			dependencies = (
				236098B31D980892009C589B /* PBXTargetDependency */,
			);
			name = MyHomeWorkUITests;
			productName = MyHomeWorkUITests;
			productReference = 236098B11D980892009C589B /* MyHomeWorkUITests.xctest */;
			productType = "com.apple.product-type.bundle.ui-testing";
		};
/* End PBXNativeTarget section */

/* Begin PBXProject section */
		236098851D980892009C589B /* Project object */ = {
			isa = PBXProject;
			attributes = {
				LastUpgradeCheck = 0730;
				ORGANIZATIONNAME = zhandongwang;
				TargetAttributes = {
					2360988C1D980892009C589B = {
						CreatedOnToolsVersion = 7.3.1;
						DevelopmentTeam = 2V9XE4LC4E;
					};
					236098A51D980892009C589B = {
						CreatedOnToolsVersion = 7.3.1;
						TestTargetID = 2360988C1D980892009C589B;
					};
					236098B01D980892009C589B = {
						CreatedOnToolsVersion = 7.3.1;
						TestTargetID = 2360988C1D980892009C589B;
					};
				};
			};
			buildConfigurationList = 236098881D980892009C589B /* Build configuration list for PBXProject "MyHomeWork" */;
			compatibilityVersion = "Xcode 3.2";
			developmentRegion = English;
			hasScannedForEncodings = 0;
			knownRegions = (
				en,
				Base,
				fr,
				"zh-Hans",
				"zh-Hant",
				ja,
				ko,
			);
			mainGroup = 236098841D980892009C589B;
			productRefGroup = 2360988E1D980892009C589B /* Products */;
			projectDirPath = "";
			projectRoot = "";
			targets = (
				2360988C1D980892009C589B /* MyHomeWork */,
				236098A51D980892009C589B /* MyHomeWorkTests */,
				236098B01D980892009C589B /* MyHomeWorkUITests */,
			);
		};
/* End PBXProject section */

/* Begin PBXResourcesBuildPhase section */
		2360988B1D980892009C589B /* Resources */ = {
			isa = PBXResourcesBuildPhase;
			buildActionMask = 2147483647;
			files = (
				236098A01D980892009C589B /* LaunchScreen.storyboard in Resources */,
				23DE6A231E46F7F200B3FFFD /* Localizable.strings in Resources */,
				23D3682E1E4C5A5300ECC80D /* test2.png in Resources */,
				2335DCBB1E0E137100C48142 /* testWeb.html in Resources */,
				23A5E7501E4DA04A008DCAEE /* message.json in Resources */,
				2360989D1D980892009C589B /* Assets.xcassets in Resources */,
				237516411E4D617F00FB5868 /* popData.json in Resources */,
				23DE6A191E46F3A800B3FFFD /* InfoPlist.strings in Resources */,
			);
			runOnlyForDeploymentPostprocessing = 0;
		};
		236098A41D980892009C589B /* Resources */ = {
			isa = PBXResourcesBuildPhase;
			buildActionMask = 2147483647;
			files = (
			);
			runOnlyForDeploymentPostprocessing = 0;
		};
		236098AF1D980892009C589B /* Resources */ = {
			isa = PBXResourcesBuildPhase;
			buildActionMask = 2147483647;
			files = (
			);
			runOnlyForDeploymentPostprocessing = 0;
		};
/* End PBXResourcesBuildPhase section */

/* Begin PBXShellScriptBuildPhase section */
		99BFA0DD49ACD5C9BE45D3C6 /* [CP] Copy Pods Resources */ = {
			isa = PBXShellScriptBuildPhase;
			buildActionMask = 2147483647;
			files = (
			);
			inputPaths = (
				"${SRCROOT}/Pods/Target Support Files/Pods-MyHomeWork/Pods-MyHomeWork-resources.sh",
				"${PODS_ROOT}/MJRefresh/MJRefresh/MJRefresh.bundle",
			);
			name = "[CP] Copy Pods Resources";
			outputPaths = (
				"${TARGET_BUILD_DIR}/${UNLOCALIZED_RESOURCES_FOLDER_PATH}",
			);
			runOnlyForDeploymentPostprocessing = 0;
			shellPath = /bin/sh;
			shellScript = "\"${SRCROOT}/Pods/Target Support Files/Pods-MyHomeWork/Pods-MyHomeWork-resources.sh\"\n";
			showEnvVarsInLog = 0;
		};
		D469D670E707F16AA547A6A3 /* [CP] Check Pods Manifest.lock */ = {
			isa = PBXShellScriptBuildPhase;
			buildActionMask = 2147483647;
			files = (
			);
			inputPaths = (
				"${PODS_PODFILE_DIR_PATH}/Podfile.lock",
				"${PODS_ROOT}/Manifest.lock",
			);
			name = "[CP] Check Pods Manifest.lock";
			outputPaths = (
				"$(DERIVED_FILE_DIR)/Pods-MyHomeWork-checkManifestLockResult.txt",
			);
			runOnlyForDeploymentPostprocessing = 0;
			shellPath = /bin/sh;
			shellScript = "diff \"${PODS_PODFILE_DIR_PATH}/Podfile.lock\" \"${PODS_ROOT}/Manifest.lock\" > /dev/null\nif [ $? != 0 ] ; then\n    # print error to STDERR\n    echo \"error: The sandbox is not in sync with the Podfile.lock. Run 'pod install' or update your CocoaPods installation.\" >&2\n    exit 1\nfi\n# This output is used by Xcode 'outputs' to avoid re-running this script phase.\necho \"SUCCESS\" > \"${SCRIPT_OUTPUT_FILE_0}\"\n";
			showEnvVarsInLog = 0;
		};
		FCB4747C5C2A17364E69156B /* [CP] Embed Pods Frameworks */ = {
			isa = PBXShellScriptBuildPhase;
			buildActionMask = 2147483647;
			files = (
			);
			inputPaths = (
			);
			name = "[CP] Embed Pods Frameworks";
			outputPaths = (
			);
			runOnlyForDeploymentPostprocessing = 0;
			shellPath = /bin/sh;
			shellScript = "\"${SRCROOT}/Pods/Target Support Files/Pods-MyHomeWork/Pods-MyHomeWork-frameworks.sh\"\n";
			showEnvVarsInLog = 0;
		};
/* End PBXShellScriptBuildPhase section */

/* Begin PBXSourcesBuildPhase section */
		236098891D980892009C589B /* Sources */ = {
			isa = PBXSourcesBuildPhase;
			buildActionMask = 2147483647;
			files = (
				236098981D980892009C589B /* WZDMainViewController.m in Sources */,
				2374CFC01E51A247001B799D /* FRCMainViewController.m in Sources */,
				2374CFB01E518C62001B799D /* DHMessageKinds.m in Sources */,
				23A5E7531E4DA59E008DCAEE /* DHPopTableViewCell.m in Sources */,
				2374CFB11E518C62001B799D /* DHMessageModel.m in Sources */,
				2374CFBD1E5195A3001B799D /* UIViewController+DHRouter.m in Sources */,
				23608A921E050F7100C4D190 /* WZDCustomView.m in Sources */,
				2374CFAF1E518C62001B799D /* DHAllOrderModel.m in Sources */,
				2374CFB21E518C62001B799D /* DHOrderKind.m in Sources */,
				2375163E1E4D613E00FB5868 /* DHPopTableView.m in Sources */,
				236098951D980892009C589B /* AppDelegate.m in Sources */,
				2374CFA31E516696001B799D /* DHPopTableViewCellModel.m in Sources */,
				236098921D980892009C589B /* main.m in Sources */,
				2374CFBA1E518D45001B799D /* FRCBaseViewController.m in Sources */,
				2375163F1E4D613E00FB5868 /* DHPopTableViewStyle.m in Sources */,
				2374CFB31E518C62001B799D /* DHOrderModel.m in Sources */,
			);
			runOnlyForDeploymentPostprocessing = 0;
		};
		236098A21D980892009C589B /* Sources */ = {
			isa = PBXSourcesBuildPhase;
			buildActionMask = 2147483647;
			files = (
				236098AB1D980892009C589B /* MyHomeWorkTests.m in Sources */,
			);
			runOnlyForDeploymentPostprocessing = 0;
		};
		236098AD1D980892009C589B /* Sources */ = {
			isa = PBXSourcesBuildPhase;
			buildActionMask = 2147483647;
			files = (
				236098B61D980892009C589B /* MyHomeWorkUITests.m in Sources */,
			);
			runOnlyForDeploymentPostprocessing = 0;
		};
/* End PBXSourcesBuildPhase section */

/* Begin PBXTargetDependency section */
		236098A81D980892009C589B /* PBXTargetDependency */ = {
			isa = PBXTargetDependency;
			target = 2360988C1D980892009C589B /* MyHomeWork */;
			targetProxy = 236098A71D980892009C589B /* PBXContainerItemProxy */;
		};
		236098B31D980892009C589B /* PBXTargetDependency */ = {
			isa = PBXTargetDependency;
			target = 2360988C1D980892009C589B /* MyHomeWork */;
			targetProxy = 236098B21D980892009C589B /* PBXContainerItemProxy */;
		};
/* End PBXTargetDependency section */

/* Begin PBXVariantGroup section */
		2360989E1D980892009C589B /* LaunchScreen.storyboard */ = {
			isa = PBXVariantGroup;
			children = (
				2360989F1D980892009C589B /* Base */,
				23DE6A0E1E46F27E00B3FFFD /* fr */,
				23DE6A101E46F28400B3FFFD /* zh-Hans */,
				23DE6A121E46F28900B3FFFD /* zh-Hant */,
				23DE6A141E46F29100B3FFFD /* ja */,
				23DE6A161E46F29D00B3FFFD /* ko */,
			);
			name = LaunchScreen.storyboard;
			sourceTree = "<group>";
		};
		23D368301E4C5A5300ECC80D /* test2.png */ = {
			isa = PBXVariantGroup;
			children = (
				23D3682F1E4C5A5300ECC80D /* en */,
				23D368311E4C5A5900ECC80D /* zh-Hans */,
			);
			name = test2.png;
			sourceTree = "<group>";
		};
		23DE6A1B1E46F3A800B3FFFD /* InfoPlist.strings */ = {
			isa = PBXVariantGroup;
			children = (
				23DE6A1A1E46F3A800B3FFFD /* en */,
				23DE6A1C1E46F3D800B3FFFD /* fr */,
				23DE6A1D1E46F3DA00B3FFFD /* zh-Hans */,
				23DE6A1E1E46F3DB00B3FFFD /* zh-Hant */,
				23DE6A1F1E46F3DC00B3FFFD /* ja */,
				23DE6A201E46F3DF00B3FFFD /* ko */,
			);
			name = InfoPlist.strings;
			sourceTree = "<group>";
		};
		23DE6A251E46F7F200B3FFFD /* Localizable.strings */ = {
			isa = PBXVariantGroup;
			children = (
				23DE6A241E46F7F200B3FFFD /* en */,
				23DE6A261E46F7F400B3FFFD /* fr */,
				23DE6A271E46F7FB00B3FFFD /* zh-Hans */,
				23DE6A281E46F7FD00B3FFFD /* zh-Hant */,
				23DE6A291E46F7FE00B3FFFD /* ko */,
			);
			name = Localizable.strings;
			sourceTree = "<group>";
		};
/* End PBXVariantGroup section */

/* Begin XCBuildConfiguration section */
		236098B81D980892009C589B /* Debug */ = {
			isa = XCBuildConfiguration;
			buildSettings = {
				ALWAYS_SEARCH_USER_PATHS = NO;
				CLANG_ANALYZER_LOCALIZABILITY_NONLOCALIZED = YES;
				CLANG_ANALYZER_NONNULL = YES;
				CLANG_CXX_LANGUAGE_STANDARD = "gnu++0x";
				CLANG_CXX_LIBRARY = "libc++";
				CLANG_ENABLE_MODULES = YES;
				CLANG_ENABLE_OBJC_ARC = YES;
				CLANG_WARN_BOOL_CONVERSION = YES;
				CLANG_WARN_CONSTANT_CONVERSION = YES;
				CLANG_WARN_DIRECT_OBJC_ISA_USAGE = YES_ERROR;
				CLANG_WARN_EMPTY_BODY = YES;
				CLANG_WARN_ENUM_CONVERSION = YES;
				CLANG_WARN_INT_CONVERSION = YES;
				CLANG_WARN_OBJC_ROOT_CLASS = YES_ERROR;
				CLANG_WARN_UNREACHABLE_CODE = YES;
				CLANG_WARN__DUPLICATE_METHOD_MATCH = YES;
				"CODE_SIGN_IDENTITY[sdk=iphoneos*]" = "iPhone Developer";
				COPY_PHASE_STRIP = NO;
				DEBUG_INFORMATION_FORMAT = dwarf;
				ENABLE_STRICT_OBJC_MSGSEND = YES;
				ENABLE_TESTABILITY = YES;
				GCC_C_LANGUAGE_STANDARD = gnu99;
				GCC_DYNAMIC_NO_PIC = NO;
				GCC_NO_COMMON_BLOCKS = YES;
				GCC_OPTIMIZATION_LEVEL = 0;
				GCC_PREPROCESSOR_DEFINITIONS = (
					"DEBUG=1",
					"$(inherited)",
				);
				GCC_WARN_64_TO_32_BIT_CONVERSION = YES;
				GCC_WARN_ABOUT_RETURN_TYPE = YES_ERROR;
				GCC_WARN_UNDECLARED_SELECTOR = YES;
				GCC_WARN_UNINITIALIZED_AUTOS = YES_AGGRESSIVE;
				GCC_WARN_UNUSED_FUNCTION = YES;
				GCC_WARN_UNUSED_VARIABLE = YES;
				IPHONEOS_DEPLOYMENT_TARGET = 9.3;
				MTL_ENABLE_DEBUG_INFO = YES;
				ONLY_ACTIVE_ARCH = YES;
				SDKROOT = iphoneos;
				TARGETED_DEVICE_FAMILY = "1,2";
			};
			name = Debug;
		};
		236098B91D980892009C589B /* Release */ = {
			isa = XCBuildConfiguration;
			buildSettings = {
				ALWAYS_SEARCH_USER_PATHS = NO;
				CLANG_ANALYZER_LOCALIZABILITY_NONLOCALIZED = YES;
				CLANG_ANALYZER_NONNULL = YES;
				CLANG_CXX_LANGUAGE_STANDARD = "gnu++0x";
				CLANG_CXX_LIBRARY = "libc++";
				CLANG_ENABLE_MODULES = YES;
				CLANG_ENABLE_OBJC_ARC = YES;
				CLANG_WARN_BOOL_CONVERSION = YES;
				CLANG_WARN_CONSTANT_CONVERSION = YES;
				CLANG_WARN_DIRECT_OBJC_ISA_USAGE = YES_ERROR;
				CLANG_WARN_EMPTY_BODY = YES;
				CLANG_WARN_ENUM_CONVERSION = YES;
				CLANG_WARN_INT_CONVERSION = YES;
				CLANG_WARN_OBJC_ROOT_CLASS = YES_ERROR;
				CLANG_WARN_UNREACHABLE_CODE = YES;
				CLANG_WARN__DUPLICATE_METHOD_MATCH = YES;
				"CODE_SIGN_IDENTITY[sdk=iphoneos*]" = "iPhone Developer";
				COPY_PHASE_STRIP = NO;
				DEBUG_INFORMATION_FORMAT = "dwarf-with-dsym";
				ENABLE_NS_ASSERTIONS = NO;
				ENABLE_STRICT_OBJC_MSGSEND = YES;
				GCC_C_LANGUAGE_STANDARD = gnu99;
				GCC_NO_COMMON_BLOCKS = YES;
				GCC_WARN_64_TO_32_BIT_CONVERSION = YES;
				GCC_WARN_ABOUT_RETURN_TYPE = YES_ERROR;
				GCC_WARN_UNDECLARED_SELECTOR = YES;
				GCC_WARN_UNINITIALIZED_AUTOS = YES_AGGRESSIVE;
				GCC_WARN_UNUSED_FUNCTION = YES;
				GCC_WARN_UNUSED_VARIABLE = YES;
				IPHONEOS_DEPLOYMENT_TARGET = 9.3;
				MTL_ENABLE_DEBUG_INFO = NO;
				SDKROOT = iphoneos;
				TARGETED_DEVICE_FAMILY = "1,2";
				VALIDATE_PRODUCT = YES;
			};
			name = Release;
		};
		236098BB1D980892009C589B /* Debug */ = {
			isa = XCBuildConfiguration;
			baseConfigurationReference = 0BCFDF0087E34B7DC8491769 /* Pods-MyHomeWork.debug.xcconfig */;
			buildSettings = {
				ASSETCATALOG_COMPILER_APPICON_NAME = AppIcon;
				CODE_SIGN_IDENTITY = "iPhone Developer";
				DEVELOPMENT_TEAM = 2V9XE4LC4E;
				GCC_PRECOMPILE_PREFIX_HEADER = YES;
				GCC_PREFIX_HEADER = "$(SRCROOT)/MyHomeWork/MyHomeWork-Prefix.pch";
				INFOPLIST_FILE = MyHomeWork/Info.plist;
				LD_RUNPATH_SEARCH_PATHS = "$(inherited) @executable_path/Frameworks";
				PRODUCT_BUNDLE_IDENTIFIER = zhandongwang.MyHomeWork;
				PRODUCT_NAME = "$(TARGET_NAME)";
			};
			name = Debug;
		};
		236098BC1D980892009C589B /* Release */ = {
			isa = XCBuildConfiguration;
			baseConfigurationReference = FC7A47D341A6CDDDD0A9797C /* Pods-MyHomeWork.release.xcconfig */;
			buildSettings = {
				ASSETCATALOG_COMPILER_APPICON_NAME = AppIcon;
				CODE_SIGN_IDENTITY = "iPhone Developer";
				DEVELOPMENT_TEAM = 2V9XE4LC4E;
				GCC_PRECOMPILE_PREFIX_HEADER = YES;
				GCC_PREFIX_HEADER = "$(SRCROOT)/MyHomeWork/MyHomeWork-Prefix.pch";
				INFOPLIST_FILE = MyHomeWork/Info.plist;
				LD_RUNPATH_SEARCH_PATHS = "$(inherited) @executable_path/Frameworks";
				PRODUCT_BUNDLE_IDENTIFIER = zhandongwang.MyHomeWork;
				PRODUCT_NAME = "$(TARGET_NAME)";
			};
			name = Release;
		};
		236098BE1D980892009C589B /* Debug */ = {
			isa = XCBuildConfiguration;
			buildSettings = {
				BUNDLE_LOADER = "$(TEST_HOST)";
				INFOPLIST_FILE = MyHomeWorkTests/Info.plist;
				LD_RUNPATH_SEARCH_PATHS = "$(inherited) @executable_path/Frameworks @loader_path/Frameworks";
				PRODUCT_BUNDLE_IDENTIFIER = zhandongwang.MyHomeWorkTests;
				PRODUCT_NAME = "$(TARGET_NAME)";
				TEST_HOST = "$(BUILT_PRODUCTS_DIR)/MyHomeWork.app/MyHomeWork";
			};
			name = Debug;
		};
		236098BF1D980892009C589B /* Release */ = {
			isa = XCBuildConfiguration;
			buildSettings = {
				BUNDLE_LOADER = "$(TEST_HOST)";
				INFOPLIST_FILE = MyHomeWorkTests/Info.plist;
				LD_RUNPATH_SEARCH_PATHS = "$(inherited) @executable_path/Frameworks @loader_path/Frameworks";
				PRODUCT_BUNDLE_IDENTIFIER = zhandongwang.MyHomeWorkTests;
				PRODUCT_NAME = "$(TARGET_NAME)";
				TEST_HOST = "$(BUILT_PRODUCTS_DIR)/MyHomeWork.app/MyHomeWork";
			};
			name = Release;
		};
		236098C11D980892009C589B /* Debug */ = {
			isa = XCBuildConfiguration;
			buildSettings = {
				INFOPLIST_FILE = MyHomeWorkUITests/Info.plist;
				LD_RUNPATH_SEARCH_PATHS = "$(inherited) @executable_path/Frameworks @loader_path/Frameworks";
				PRODUCT_BUNDLE_IDENTIFIER = zhandongwang.MyHomeWorkUITests;
				PRODUCT_NAME = "$(TARGET_NAME)";
				TEST_TARGET_NAME = MyHomeWork;
			};
			name = Debug;
		};
		236098C21D980892009C589B /* Release */ = {
			isa = XCBuildConfiguration;
			buildSettings = {
				INFOPLIST_FILE = MyHomeWorkUITests/Info.plist;
				LD_RUNPATH_SEARCH_PATHS = "$(inherited) @executable_path/Frameworks @loader_path/Frameworks";
				PRODUCT_BUNDLE_IDENTIFIER = zhandongwang.MyHomeWorkUITests;
				PRODUCT_NAME = "$(TARGET_NAME)";
				TEST_TARGET_NAME = MyHomeWork;
			};
			name = Release;
		};
/* End XCBuildConfiguration section */

/* Begin XCConfigurationList section */
		236098881D980892009C589B /* Build configuration list for PBXProject "MyHomeWork" */ = {
			isa = XCConfigurationList;
			buildConfigurations = (
				236098B81D980892009C589B /* Debug */,
				236098B91D980892009C589B /* Release */,
			);
			defaultConfigurationIsVisible = 0;
			defaultConfigurationName = Release;
		};
		236098BA1D980892009C589B /* Build configuration list for PBXNativeTarget "MyHomeWork" */ = {
			isa = XCConfigurationList;
			buildConfigurations = (
				236098BB1D980892009C589B /* Debug */,
				236098BC1D980892009C589B /* Release */,
			);
			defaultConfigurationIsVisible = 0;
			defaultConfigurationName = Release;
		};
		236098BD1D980892009C589B /* Build configuration list for PBXNativeTarget "MyHomeWorkTests" */ = {
			isa = XCConfigurationList;
			buildConfigurations = (
				236098BE1D980892009C589B /* Debug */,
				236098BF1D980892009C589B /* Release */,
			);
			defaultConfigurationIsVisible = 0;
			defaultConfigurationName = Release;
		};
		236098C01D980892009C589B /* Build configuration list for PBXNativeTarget "MyHomeWorkUITests" */ = {
			isa = XCConfigurationList;
			buildConfigurations = (
				236098C11D980892009C589B /* Debug */,
				236098C21D980892009C589B /* Release */,
			);
			defaultConfigurationIsVisible = 0;
			defaultConfigurationName = Release;
		};
/* End XCConfigurationList section */
	};
	rootObject = 236098851D980892009C589B /* Project object */;
}
