// !$*UTF8*$!
{
	archiveVersion = 1;
	classes = {
	};
	objectVersion = 46;
	objects = {

/* Begin PBXBuildFile section */
		2304FCD42277ECC400754B13 /* FLCollectionViewCircleLayout.m in Sources */ = {isa = PBXBuildFile; fileRef = 2304FCD32277ECC400754B13 /* FLCollectionViewCircleLayout.m */; };
		2307F1662064A2120060A688 /* WZDPatch.m in Sources */ = {isa = PBXBuildFile; fileRef = 2307F1652064A2120060A688 /* WZDPatch.m */; };
		2307F1692064A3F60060A688 /* WZDPatchTest.m in Sources */ = {isa = PBXBuildFile; fileRef = 2307F1682064A3F60060A688 /* WZDPatchTest.m */; };
		2320909E2276FF540034CA96 /* FLCollectionViewController.m in Sources */ = {isa = PBXBuildFile; fileRef = 2320909D2276FF540034CA96 /* FLCollectionViewController.m */; };
		232090A12276FFB90034CA96 /* FLCollectionViewLinearLayout.m in Sources */ = {isa = PBXBuildFile; fileRef = 232090A02276FFB90034CA96 /* FLCollectionViewLinearLayout.m */; };
		232090A42277019E0034CA96 /* FLCollectionViewCell.m in Sources */ = {isa = PBXBuildFile; fileRef = 232090A32277019E0034CA96 /* FLCollectionViewCell.m */; };
		232413A2225595F3008618C7 /* FLSwiftStudyGlobal.swift in Sources */ = {isa = PBXBuildFile; fileRef = 232413A1225595F3008618C7 /* FLSwiftStudyGlobal.swift */; };
		232413A4225596AB008618C7 /* FLSwiftStudySecondViewController.swift in Sources */ = {isa = PBXBuildFile; fileRef = 232413A3225596AB008618C7 /* FLSwiftStudySecondViewController.swift */; };
		232413AA2255B10E008618C7 /* MFTongXin_Noncommercial-Regular.ttf in Resources */ = {isa = PBXBuildFile; fileRef = 232413A62255B10E008618C7 /* MFTongXin_Noncommercial-Regular.ttf */; };
		232413AB2255B10E008618C7 /* MFZhiHei_Noncommercial-Regular.ttf in Resources */ = {isa = PBXBuildFile; fileRef = 232413A72255B10E008618C7 /* MFZhiHei_Noncommercial-Regular.ttf */; };
		232413AC2255B10E008618C7 /* Gaspar Regular.otf in Resources */ = {isa = PBXBuildFile; fileRef = 232413A82255B10E008618C7 /* Gaspar Regular.otf */; };
		232413AD2255B10E008618C7 /* MFJinHei_Noncommercial-Regular.ttf in Resources */ = {isa = PBXBuildFile; fileRef = 232413A92255B10E008618C7 /* MFJinHei_Noncommercial-Regular.ttf */; };
		2335DCBB1E0E137100C48142 /* testWeb.html in Resources */ = {isa = PBXBuildFile; fileRef = 2335DCBA1E0E137100C48142 /* testWeb.html */; };
		2356D6DD221E897900DC57D7 /* FLMsgModel.m in Sources */ = {isa = PBXBuildFile; fileRef = 2356D6DC221E897900DC57D7 /* FLMsgModel.m */; };
		2356D6E0221E8AC500DC57D7 /* FLFMDBHelper.m in Sources */ = {isa = PBXBuildFile; fileRef = 2356D6DF221E8AC500DC57D7 /* FLFMDBHelper.m */; };
		23608A921E050F7100C4D190 /* FLCustomView.m in Sources */ = {isa = PBXBuildFile; fileRef = 23608A911E050F7100C4D190 /* FLCustomView.m */; };
		236098921D980892009C589B /* main.m in Sources */ = {isa = PBXBuildFile; fileRef = 236098911D980892009C589B /* main.m */; };
		236098951D980892009C589B /* AppDelegate.m in Sources */ = {isa = PBXBuildFile; fileRef = 236098941D980892009C589B /* AppDelegate.m */; };
		2360989D1D980892009C589B /* Assets.xcassets in Resources */ = {isa = PBXBuildFile; fileRef = 2360989C1D980892009C589B /* Assets.xcassets */; };
		236098A01D980892009C589B /* LaunchScreen.storyboard in Resources */ = {isa = PBXBuildFile; fileRef = 2360989E1D980892009C589B /* LaunchScreen.storyboard */; };
		236098AB1D980892009C589B /* MyHomeWorkTests.m in Sources */ = {isa = PBXBuildFile; fileRef = 236098AA1D980892009C589B /* MyHomeWorkTests.m */; };
		236098B61D980892009C589B /* MyHomeWorkUITests.m in Sources */ = {isa = PBXBuildFile; fileRef = 236098B51D980892009C589B /* MyHomeWorkUITests.m */; };
		23634C4921F166590028B669 /* FLOperation.m in Sources */ = {isa = PBXBuildFile; fileRef = 23634C4821F166590028B669 /* FLOperation.m */; };
		23634C4C21F167630028B669 /* FLOperationFactory.m in Sources */ = {isa = PBXBuildFile; fileRef = 23634C4B21F167630028B669 /* FLOperationFactory.m */; };
		23634C5221F16E7D0028B669 /* FLCashNormal.m in Sources */ = {isa = PBXBuildFile; fileRef = 23634C5121F16E7D0028B669 /* FLCashNormal.m */; };
		23634C5521F16F710028B669 /* FLCashRebate.m in Sources */ = {isa = PBXBuildFile; fileRef = 23634C5421F16F710028B669 /* FLCashRebate.m */; };
		23634C5821F16FE50028B669 /* FLCashContext.m in Sources */ = {isa = PBXBuildFile; fileRef = 23634C5721F16FE50028B669 /* FLCashContext.m */; };
		23634C5D21F177E20028B669 /* FLBuilder.m in Sources */ = {isa = PBXBuildFile; fileRef = 23634C5C21F177E20028B669 /* FLBuilder.m */; };
		23634C6321F1796B0028B669 /* FLDoor.m in Sources */ = {isa = PBXBuildFile; fileRef = 23634C6221F1796B0028B669 /* FLDoor.m */; };
		23634C6621F179750028B669 /* FLEngine.m in Sources */ = {isa = PBXBuildFile; fileRef = 23634C6521F179750028B669 /* FLEngine.m */; };
		23634C6921F1797F0028B669 /* FLWheel.m in Sources */ = {isa = PBXBuildFile; fileRef = 23634C6821F1797F0028B669 /* FLWheel.m */; };
		23683B592278187C00337D2C /* FLTableViewController.m in Sources */ = {isa = PBXBuildFile; fileRef = 23683B582278187C00337D2C /* FLTableViewController.m */; };
		23683B5F2278212B00337D2C /* FLCTViewController.m in Sources */ = {isa = PBXBuildFile; fileRef = 23683B5E2278212B00337D2C /* FLCTViewController.m */; };
		23683B62227831D200337D2C /* FLCTView.m in Sources */ = {isa = PBXBuildFile; fileRef = 23683B61227831D200337D2C /* FLCTView.m */; };
		23683B652278398300337D2C /* CTFrameParserConfig.m in Sources */ = {isa = PBXBuildFile; fileRef = 23683B642278398300337D2C /* CTFrameParserConfig.m */; };
		23683B68227839BC00337D2C /* CTFrameParser.m in Sources */ = {isa = PBXBuildFile; fileRef = 23683B67227839BC00337D2C /* CTFrameParser.m */; };
		23683B6B227839EA00337D2C /* CoreTextData.m in Sources */ = {isa = PBXBuildFile; fileRef = 23683B6A227839EA00337D2C /* CoreTextData.m */; };
		23683B6E22783EB200337D2C /* CTDisplayView.m in Sources */ = {isa = PBXBuildFile; fileRef = 23683B6D22783EB200337D2C /* CTDisplayView.m */; };
		23683B71227842FC00337D2C /* UIView+CTFrame.m in Sources */ = {isa = PBXBuildFile; fileRef = 23683B70227842FC00337D2C /* UIView+CTFrame.m */; };
		23683B7322784CE500337D2C /* JsonTemplate.json in Resources */ = {isa = PBXBuildFile; fileRef = 23683B7222784CE500337D2C /* JsonTemplate.json */; };
		236F1A2C22156ADA009E8C11 /* FLBookProvider.m in Sources */ = {isa = PBXBuildFile; fileRef = 236F1A2B22156ADA009E8C11 /* FLBookProvider.m */; };
		236F1A2F22156B32009E8C11 /* FLClothesProvider.m in Sources */ = {isa = PBXBuildFile; fileRef = 236F1A2E22156B32009E8C11 /* FLClothesProvider.m */; };
		236F8E8F224329F20092CD48 /* FLSecondProxy.m in Sources */ = {isa = PBXBuildFile; fileRef = 236F8E8E224329F20092CD48 /* FLSecondProxy.m */; };
		2373072B227147E5003901CC /* test.json in Resources */ = {isa = PBXBuildFile; fileRef = 2373072A227147E5003901CC /* test.json */; };
		2373072E2271488C003901CC /* ResultModel.m in Sources */ = {isa = PBXBuildFile; fileRef = 2373072D2271488C003901CC /* ResultModel.m */; };
		2374CFAF1E518C62001B799D /* DHAllOrderModel.m in Sources */ = {isa = PBXBuildFile; fileRef = 2374CFA61E518C62001B799D /* DHAllOrderModel.m */; };
		2374CFB01E518C62001B799D /* DHMessageKinds.m in Sources */ = {isa = PBXBuildFile; fileRef = 2374CFA81E518C62001B799D /* DHMessageKinds.m */; };
		2374CFB11E518C62001B799D /* DHMessageModel.m in Sources */ = {isa = PBXBuildFile; fileRef = 2374CFAA1E518C62001B799D /* DHMessageModel.m */; };
		2374CFB21E518C62001B799D /* DHOrderKind.m in Sources */ = {isa = PBXBuildFile; fileRef = 2374CFAC1E518C62001B799D /* DHOrderKind.m */; };
		2374CFB31E518C62001B799D /* DHOrderModel.m in Sources */ = {isa = PBXBuildFile; fileRef = 2374CFAE1E518C62001B799D /* DHOrderModel.m */; };
		2374CFBA1E518D45001B799D /* FRCBaseViewController.m in Sources */ = {isa = PBXBuildFile; fileRef = 2374CFB91E518D45001B799D /* FRCBaseViewController.m */; };
		2374CFBD1E5195A3001B799D /* UIViewController+DHRouter.m in Sources */ = {isa = PBXBuildFile; fileRef = 2374CFBC1E5195A3001B799D /* UIViewController+DHRouter.m */; };
		237600962251DEAE00900FAA /* UIViewController+Analysis.m in Sources */ = {isa = PBXBuildFile; fileRef = 237600952251DEAE00900FAA /* UIViewController+Analysis.m */; };
		237BE7692230C3510097AE6F /* FLTestModel.m in Sources */ = {isa = PBXBuildFile; fileRef = 237BE7682230C3510097AE6F /* FLTestModel.m */; };
		237EE7122159CC850056116E /* DHUserModel.m in Sources */ = {isa = PBXBuildFile; fileRef = 237EE7112159CC850056116E /* DHUserModel.m */; };
		23965FB321918F4200349149 /* WebPlugin.m in Sources */ = {isa = PBXBuildFile; fileRef = 23965FB221918F4200349149 /* WebPlugin.m */; };
		23965FB521918FED00349149 /* log.js in Resources */ = {isa = PBXBuildFile; fileRef = 23965FB421918FED00349149 /* log.js */; };
		23965FBA2191B9A000349149 /* FLSwiftWebViewController.swift in Sources */ = {isa = PBXBuildFile; fileRef = 23965FB92191B9A000349149 /* FLSwiftWebViewController.swift */; };
		23965FC12193DF4500349149 /* FLCar.m in Sources */ = {isa = PBXBuildFile; fileRef = 23965FC02193DF4500349149 /* FLCar.m */; };
		23965FC42193E3AC00349149 /* FLPerson.m in Sources */ = {isa = PBXBuildFile; fileRef = 23965FC32193E3AC00349149 /* FLPerson.m */; };
		23965FC721940ED600349149 /* FLProxy.m in Sources */ = {isa = PBXBuildFile; fileRef = 23965FC621940ED600349149 /* FLProxy.m */; };
		23ADA727227EDBE500ED1FA3 /* FLConcurrentViewController.m in Sources */ = {isa = PBXBuildFile; fileRef = 23ADA726227EDBE500ED1FA3 /* FLConcurrentViewController.m */; };
		23ADA72A227EE26700ED1FA3 /* CoreTextImageData.m in Sources */ = {isa = PBXBuildFile; fileRef = 23ADA729227EE26700ED1FA3 /* CoreTextImageData.m */; };
		23BF04802134E8F600ECD946 /* CaculatorMaker.m in Sources */ = {isa = PBXBuildFile; fileRef = 23BF04782134E8F500ECD946 /* CaculatorMaker.m */; };
		23BF04812134E8F600ECD946 /* RACViewController.m in Sources */ = {isa = PBXBuildFile; fileRef = 23BF04792134E8F500ECD946 /* RACViewController.m */; };
		23BF04822134E8F600ECD946 /* NSObject+Caculator.m in Sources */ = {isa = PBXBuildFile; fileRef = 23BF047B2134E8F500ECD946 /* NSObject+Caculator.m */; };
		23BF04832134E8F600ECD946 /* Caculator.m in Sources */ = {isa = PBXBuildFile; fileRef = 23BF047E2134E8F500ECD946 /* Caculator.m */; };
		23BF048621353D0200ECD946 /* FLBaseViewController.m in Sources */ = {isa = PBXBuildFile; fileRef = 23BF048521353D0200ECD946 /* FLBaseViewController.m */; };
		23BF048921353D2100ECD946 /* FLUIKitViewController.m in Sources */ = {isa = PBXBuildFile; fileRef = 23BF048821353D2100ECD946 /* FLUIKitViewController.m */; };
		23BFA07021DCD7B80045AF0B /* RACViewModel.m in Sources */ = {isa = PBXBuildFile; fileRef = 23BFA06F21DCD7B80045AF0B /* RACViewModel.m */; };
		23BFA07321DCD7E00045AF0B /* RACRequest.m in Sources */ = {isa = PBXBuildFile; fileRef = 23BFA07221DCD7E00045AF0B /* RACRequest.m */; };
		23CCB59B2251EF4E00A5EE8E /* NSObject+Analysis.m in Sources */ = {isa = PBXBuildFile; fileRef = 23CCB59A2251EF4E00A5EE8E /* NSObject+Analysis.m */; };
		23CCB59E2251F35300A5EE8E /* UIControl+Analysis.m in Sources */ = {isa = PBXBuildFile; fileRef = 23CCB59D2251F35300A5EE8E /* UIControl+Analysis.m */; };
		23CCB5A12252014F00A5EE8E /* UITableView+Analysis.m in Sources */ = {isa = PBXBuildFile; fileRef = 23CCB5A02252014F00A5EE8E /* UITableView+Analysis.m */; };
		23CCB5A42252123E00A5EE8E /* UIGestureRecognizer+Analysis.m in Sources */ = {isa = PBXBuildFile; fileRef = 23CCB5A32252123E00A5EE8E /* UIGestureRecognizer+Analysis.m */; };
		23CCB5C62254B80D00A5EE8E /* FLSwiftStudyFirstViewController.swift in Sources */ = {isa = PBXBuildFile; fileRef = 23CCB5C52254B80D00A5EE8E /* FLSwiftStudyFirstViewController.swift */; };
		23CDBEDF2277DD3D009D62C5 /* FLCollectionViewWaterFallLayout.m in Sources */ = {isa = PBXBuildFile; fileRef = 23CDBEDE2277DD3D009D62C5 /* FLCollectionViewWaterFallLayout.m */; };
		23D3682E1E4C5A5300ECC80D /* test2.png in Resources */ = {isa = PBXBuildFile; fileRef = 23D368301E4C5A5300ECC80D /* test2.png */; };
		23DE6A191E46F3A800B3FFFD /* InfoPlist.strings in Resources */ = {isa = PBXBuildFile; fileRef = 23DE6A1B1E46F3A800B3FFFD /* InfoPlist.strings */; };
		23DE6A231E46F7F200B3FFFD /* Localizable.strings in Resources */ = {isa = PBXBuildFile; fileRef = 23DE6A251E46F7F200B3FFFD /* Localizable.strings */; };
		23E5A0DB22584DA5006BDDA9 /* FLSwiftStudy27.swift in Sources */ = {isa = PBXBuildFile; fileRef = 23E5A0DA22584DA5006BDDA9 /* FLSwiftStudy27.swift */; };
		23E5A0DD22585302006BDDA9 /* FLSwiftStudy27FirstViewController.swift in Sources */ = {isa = PBXBuildFile; fileRef = 23E5A0DC22585302006BDDA9 /* FLSwiftStudy27FirstViewController.swift */; };
		23E5A0DF22585317006BDDA9 /* FLSwiftStudy27SecondViewController.swift in Sources */ = {isa = PBXBuildFile; fileRef = 23E5A0DE22585317006BDDA9 /* FLSwiftStudy27SecondViewController.swift */; };
		23E5A0E122585322006BDDA9 /* FLSwiftStudy27ThirdViewController.swift in Sources */ = {isa = PBXBuildFile; fileRef = 23E5A0E022585322006BDDA9 /* FLSwiftStudy27ThirdViewController.swift */; };
		23E5A0E322585377006BDDA9 /* FLSwiftStudyBaseViewController.swift in Sources */ = {isa = PBXBuildFile; fileRef = 23E5A0E222585377006BDDA9 /* FLSwiftStudyBaseViewController.swift */; };
		23E77FF521884539009B8E84 /* JSPerson.m in Sources */ = {isa = PBXBuildFile; fileRef = 23E77FF421884539009B8E84 /* JSPerson.m */; };
		23E77FF721885097009B8E84 /* EvaluatePrice.js in Resources */ = {isa = PBXBuildFile; fileRef = 23E77FF621885096009B8E84 /* EvaluatePrice.js */; };
		23E77FFA218855FD009B8E84 /* FLWebViewController.m in Sources */ = {isa = PBXBuildFile; fileRef = 23E77FF9218855FD009B8E84 /* FLWebViewController.m */; };
		23E8B79321E5E01700FD446F /* DHOrderDishModel.m in Sources */ = {isa = PBXBuildFile; fileRef = 23E8B79221E5E01700FD446F /* DHOrderDishModel.m */; };
		23E8B79621E5E07A00FD446F /* DHOrderDishModel+Test.m in Sources */ = {isa = PBXBuildFile; fileRef = 23E8B79521E5E07A00FD446F /* DHOrderDishModel+Test.m */; };
		23E8B79C21E6E67E00FD446F /* DHOrderDishModel+Test2.m in Sources */ = {isa = PBXBuildFile; fileRef = 23E8B79B21E6E67E00FD446F /* DHOrderDishModel+Test2.m */; };
		36B3E01D9D1E692147BBD537 /* libPods-MyHomeWork.a in Frameworks */ = {isa = PBXBuildFile; fileRef = 69599EA15F9C66C29E99337B /* libPods-MyHomeWork.a */; };
/* End PBXBuildFile section */

/* Begin PBXContainerItemProxy section */
		236098A71D980892009C589B /* PBXContainerItemProxy */ = {
			isa = PBXContainerItemProxy;
			containerPortal = 236098851D980892009C589B /* Project object */;
			proxyType = 1;
			remoteGlobalIDString = 2360988C1D980892009C589B;
			remoteInfo = MyHomeWork;
		};
		236098B21D980892009C589B /* PBXContainerItemProxy */ = {
			isa = PBXContainerItemProxy;
			containerPortal = 236098851D980892009C589B /* Project object */;
			proxyType = 1;
			remoteGlobalIDString = 2360988C1D980892009C589B;
			remoteInfo = MyHomeWork;
		};
/* End PBXContainerItemProxy section */

/* Begin PBXFileReference section */
		0BCFDF0087E34B7DC8491769 /* Pods-MyHomeWork.debug.xcconfig */ = {isa = PBXFileReference; includeInIndex = 1; lastKnownFileType = text.xcconfig; name = "Pods-MyHomeWork.debug.xcconfig"; path = "Pods/Target Support Files/Pods-MyHomeWork/Pods-MyHomeWork.debug.xcconfig"; sourceTree = "<group>"; };
		230206D22178A649006FBF56 /* MyHomeWork-Bridging-Header.h */ = {isa = PBXFileReference; lastKnownFileType = sourcecode.c.h; path = "MyHomeWork-Bridging-Header.h"; sourceTree = "<group>"; };
		2304FCD22277ECC400754B13 /* FLCollectionViewCircleLayout.h */ = {isa = PBXFileReference; lastKnownFileType = sourcecode.c.h; path = FLCollectionViewCircleLayout.h; sourceTree = "<group>"; };
		2304FCD32277ECC400754B13 /* FLCollectionViewCircleLayout.m */ = {isa = PBXFileReference; lastKnownFileType = sourcecode.c.objc; path = FLCollectionViewCircleLayout.m; sourceTree = "<group>"; };
		2307F1642064A2120060A688 /* WZDPatch.h */ = {isa = PBXFileReference; lastKnownFileType = sourcecode.c.h; path = WZDPatch.h; sourceTree = "<group>"; };
		2307F1652064A2120060A688 /* WZDPatch.m */ = {isa = PBXFileReference; lastKnownFileType = sourcecode.c.objc; path = WZDPatch.m; sourceTree = "<group>"; };
		2307F1672064A3F60060A688 /* WZDPatchTest.h */ = {isa = PBXFileReference; lastKnownFileType = sourcecode.c.h; path = WZDPatchTest.h; sourceTree = "<group>"; };
		2307F1682064A3F60060A688 /* WZDPatchTest.m */ = {isa = PBXFileReference; lastKnownFileType = sourcecode.c.objc; path = WZDPatchTest.m; sourceTree = "<group>"; };
		2320909C2276FF540034CA96 /* FLCollectionViewController.h */ = {isa = PBXFileReference; lastKnownFileType = sourcecode.c.h; path = FLCollectionViewController.h; sourceTree = "<group>"; };
		2320909D2276FF540034CA96 /* FLCollectionViewController.m */ = {isa = PBXFileReference; lastKnownFileType = sourcecode.c.objc; path = FLCollectionViewController.m; sourceTree = "<group>"; };
		2320909F2276FFB90034CA96 /* FLCollectionViewLinearLayout.h */ = {isa = PBXFileReference; lastKnownFileType = sourcecode.c.h; path = FLCollectionViewLinearLayout.h; sourceTree = "<group>"; };
		232090A02276FFB90034CA96 /* FLCollectionViewLinearLayout.m */ = {isa = PBXFileReference; lastKnownFileType = sourcecode.c.objc; path = FLCollectionViewLinearLayout.m; sourceTree = "<group>"; };
		232090A22277019E0034CA96 /* FLCollectionViewCell.h */ = {isa = PBXFileReference; lastKnownFileType = sourcecode.c.h; path = FLCollectionViewCell.h; sourceTree = "<group>"; };
		232090A32277019E0034CA96 /* FLCollectionViewCell.m */ = {isa = PBXFileReference; lastKnownFileType = sourcecode.c.objc; path = FLCollectionViewCell.m; sourceTree = "<group>"; };
		232413A1225595F3008618C7 /* FLSwiftStudyGlobal.swift */ = {isa = PBXFileReference; lastKnownFileType = sourcecode.swift; path = FLSwiftStudyGlobal.swift; sourceTree = "<group>"; };
		232413A3225596AB008618C7 /* FLSwiftStudySecondViewController.swift */ = {isa = PBXFileReference; lastKnownFileType = sourcecode.swift; path = FLSwiftStudySecondViewController.swift; sourceTree = "<group>"; };
		232413A62255B10E008618C7 /* MFTongXin_Noncommercial-Regular.ttf */ = {isa = PBXFileReference; lastKnownFileType = file; path = "MFTongXin_Noncommercial-Regular.ttf"; sourceTree = "<group>"; };
		232413A72255B10E008618C7 /* MFZhiHei_Noncommercial-Regular.ttf */ = {isa = PBXFileReference; lastKnownFileType = file; path = "MFZhiHei_Noncommercial-Regular.ttf"; sourceTree = "<group>"; };
		232413A82255B10E008618C7 /* Gaspar Regular.otf */ = {isa = PBXFileReference; lastKnownFileType = file; path = "Gaspar Regular.otf"; sourceTree = "<group>"; };
		232413A92255B10E008618C7 /* MFJinHei_Noncommercial-Regular.ttf */ = {isa = PBXFileReference; lastKnownFileType = file; path = "MFJinHei_Noncommercial-Regular.ttf"; sourceTree = "<group>"; };
		2335DCBA1E0E137100C48142 /* testWeb.html */ = {isa = PBXFileReference; fileEncoding = 4; lastKnownFileType = text.html; path = testWeb.html; sourceTree = "<group>"; };
		2356D6DB221E897900DC57D7 /* FLMsgModel.h */ = {isa = PBXFileReference; lastKnownFileType = sourcecode.c.h; path = FLMsgModel.h; sourceTree = "<group>"; };
		2356D6DC221E897900DC57D7 /* FLMsgModel.m */ = {isa = PBXFileReference; lastKnownFileType = sourcecode.c.objc; path = FLMsgModel.m; sourceTree = "<group>"; };
		2356D6DE221E8AC500DC57D7 /* FLFMDBHelper.h */ = {isa = PBXFileReference; lastKnownFileType = sourcecode.c.h; path = FLFMDBHelper.h; sourceTree = "<group>"; };
		2356D6DF221E8AC500DC57D7 /* FLFMDBHelper.m */ = {isa = PBXFileReference; lastKnownFileType = sourcecode.c.objc; path = FLFMDBHelper.m; sourceTree = "<group>"; };
		23608A901E050F7100C4D190 /* FLCustomView.h */ = {isa = PBXFileReference; fileEncoding = 4; lastKnownFileType = sourcecode.c.h; path = FLCustomView.h; sourceTree = "<group>"; };
		23608A911E050F7100C4D190 /* FLCustomView.m */ = {isa = PBXFileReference; fileEncoding = 4; lastKnownFileType = sourcecode.c.objc; path = FLCustomView.m; sourceTree = "<group>"; };
		2360988D1D980892009C589B /* MyHomeWork.app */ = {isa = PBXFileReference; explicitFileType = wrapper.application; includeInIndex = 0; path = MyHomeWork.app; sourceTree = BUILT_PRODUCTS_DIR; };
		236098911D980892009C589B /* main.m */ = {isa = PBXFileReference; lastKnownFileType = sourcecode.c.objc; path = main.m; sourceTree = "<group>"; };
		236098931D980892009C589B /* AppDelegate.h */ = {isa = PBXFileReference; lastKnownFileType = sourcecode.c.h; path = AppDelegate.h; sourceTree = "<group>"; };
		236098941D980892009C589B /* AppDelegate.m */ = {isa = PBXFileReference; lastKnownFileType = sourcecode.c.objc; path = AppDelegate.m; sourceTree = "<group>"; };
		2360989C1D980892009C589B /* Assets.xcassets */ = {isa = PBXFileReference; lastKnownFileType = folder.assetcatalog; path = Assets.xcassets; sourceTree = "<group>"; };
		2360989F1D980892009C589B /* Base */ = {isa = PBXFileReference; lastKnownFileType = file.storyboard; name = Base; path = Base.lproj/LaunchScreen.storyboard; sourceTree = "<group>"; };
		236098A11D980892009C589B /* Info.plist */ = {isa = PBXFileReference; lastKnownFileType = text.plist.xml; path = Info.plist; sourceTree = "<group>"; };
		236098A61D980892009C589B /* MyHomeWorkTests.xctest */ = {isa = PBXFileReference; explicitFileType = wrapper.cfbundle; includeInIndex = 0; path = MyHomeWorkTests.xctest; sourceTree = BUILT_PRODUCTS_DIR; };
		236098AA1D980892009C589B /* MyHomeWorkTests.m */ = {isa = PBXFileReference; lastKnownFileType = sourcecode.c.objc; path = MyHomeWorkTests.m; sourceTree = "<group>"; };
		236098AC1D980892009C589B /* Info.plist */ = {isa = PBXFileReference; lastKnownFileType = text.plist.xml; path = Info.plist; sourceTree = "<group>"; };
		236098B11D980892009C589B /* MyHomeWorkUITests.xctest */ = {isa = PBXFileReference; explicitFileType = wrapper.cfbundle; includeInIndex = 0; path = MyHomeWorkUITests.xctest; sourceTree = BUILT_PRODUCTS_DIR; };
		236098B51D980892009C589B /* MyHomeWorkUITests.m */ = {isa = PBXFileReference; lastKnownFileType = sourcecode.c.objc; path = MyHomeWorkUITests.m; sourceTree = "<group>"; };
		236098B71D980892009C589B /* Info.plist */ = {isa = PBXFileReference; lastKnownFileType = text.plist.xml; path = Info.plist; sourceTree = "<group>"; };
		23634C4721F166590028B669 /* FLOperation.h */ = {isa = PBXFileReference; lastKnownFileType = sourcecode.c.h; path = FLOperation.h; sourceTree = "<group>"; };
		23634C4821F166590028B669 /* FLOperation.m */ = {isa = PBXFileReference; lastKnownFileType = sourcecode.c.objc; path = FLOperation.m; sourceTree = "<group>"; };
		23634C4A21F167630028B669 /* FLOperationFactory.h */ = {isa = PBXFileReference; lastKnownFileType = sourcecode.c.h; path = FLOperationFactory.h; sourceTree = "<group>"; };
		23634C4B21F167630028B669 /* FLOperationFactory.m */ = {isa = PBXFileReference; lastKnownFileType = sourcecode.c.objc; path = FLOperationFactory.m; sourceTree = "<group>"; };
		23634C4F21F16E0B0028B669 /* FLCashProtocol.h */ = {isa = PBXFileReference; lastKnownFileType = sourcecode.c.h; path = FLCashProtocol.h; sourceTree = "<group>"; };
		23634C5021F16E7D0028B669 /* FLCashNormal.h */ = {isa = PBXFileReference; lastKnownFileType = sourcecode.c.h; path = FLCashNormal.h; sourceTree = "<group>"; };
		23634C5121F16E7D0028B669 /* FLCashNormal.m */ = {isa = PBXFileReference; lastKnownFileType = sourcecode.c.objc; path = FLCashNormal.m; sourceTree = "<group>"; };
		23634C5321F16F710028B669 /* FLCashRebate.h */ = {isa = PBXFileReference; lastKnownFileType = sourcecode.c.h; path = FLCashRebate.h; sourceTree = "<group>"; };
		23634C5421F16F710028B669 /* FLCashRebate.m */ = {isa = PBXFileReference; lastKnownFileType = sourcecode.c.objc; path = FLCashRebate.m; sourceTree = "<group>"; };
		23634C5621F16FE50028B669 /* FLCashContext.h */ = {isa = PBXFileReference; lastKnownFileType = sourcecode.c.h; path = FLCashContext.h; sourceTree = "<group>"; };
		23634C5721F16FE50028B669 /* FLCashContext.m */ = {isa = PBXFileReference; lastKnownFileType = sourcecode.c.objc; path = FLCashContext.m; sourceTree = "<group>"; };
		23634C5A21F177700028B669 /* FLBuilderProtocol.h */ = {isa = PBXFileReference; lastKnownFileType = sourcecode.c.h; path = FLBuilderProtocol.h; sourceTree = "<group>"; };
		23634C5B21F177E20028B669 /* FLBuilder.h */ = {isa = PBXFileReference; lastKnownFileType = sourcecode.c.h; path = FLBuilder.h; sourceTree = "<group>"; };
		23634C5C21F177E20028B669 /* FLBuilder.m */ = {isa = PBXFileReference; lastKnownFileType = sourcecode.c.objc; path = FLBuilder.m; sourceTree = "<group>"; };
		23634C5E21F1783E0028B669 /* FLDoorBuilderProtocol.h */ = {isa = PBXFileReference; lastKnownFileType = sourcecode.c.h; path = FLDoorBuilderProtocol.h; sourceTree = "<group>"; };
		23634C5F21F1784E0028B669 /* FLEngineBuilderProtocol.h */ = {isa = PBXFileReference; lastKnownFileType = sourcecode.c.h; path = FLEngineBuilderProtocol.h; sourceTree = "<group>"; };
		23634C6021F1785C0028B669 /* FLWheelBuilderProtocol.h */ = {isa = PBXFileReference; lastKnownFileType = sourcecode.c.h; path = FLWheelBuilderProtocol.h; sourceTree = "<group>"; };
		23634C6121F1796B0028B669 /* FLDoor.h */ = {isa = PBXFileReference; lastKnownFileType = sourcecode.c.h; path = FLDoor.h; sourceTree = "<group>"; };
		23634C6221F1796B0028B669 /* FLDoor.m */ = {isa = PBXFileReference; lastKnownFileType = sourcecode.c.objc; path = FLDoor.m; sourceTree = "<group>"; };
		23634C6421F179750028B669 /* FLEngine.h */ = {isa = PBXFileReference; lastKnownFileType = sourcecode.c.h; path = FLEngine.h; sourceTree = "<group>"; };
		23634C6521F179750028B669 /* FLEngine.m */ = {isa = PBXFileReference; lastKnownFileType = sourcecode.c.objc; path = FLEngine.m; sourceTree = "<group>"; };
		23634C6721F1797F0028B669 /* FLWheel.h */ = {isa = PBXFileReference; lastKnownFileType = sourcecode.c.h; path = FLWheel.h; sourceTree = "<group>"; };
		23634C6821F1797F0028B669 /* FLWheel.m */ = {isa = PBXFileReference; lastKnownFileType = sourcecode.c.objc; path = FLWheel.m; sourceTree = "<group>"; };
		23683B572278187C00337D2C /* FLTableViewController.h */ = {isa = PBXFileReference; lastKnownFileType = sourcecode.c.h; path = FLTableViewController.h; sourceTree = "<group>"; };
		23683B582278187C00337D2C /* FLTableViewController.m */ = {isa = PBXFileReference; lastKnownFileType = sourcecode.c.objc; path = FLTableViewController.m; sourceTree = "<group>"; };
		23683B5D2278212B00337D2C /* FLCTViewController.h */ = {isa = PBXFileReference; lastKnownFileType = sourcecode.c.h; path = FLCTViewController.h; sourceTree = "<group>"; };
		23683B5E2278212B00337D2C /* FLCTViewController.m */ = {isa = PBXFileReference; lastKnownFileType = sourcecode.c.objc; path = FLCTViewController.m; sourceTree = "<group>"; };
		23683B60227831D200337D2C /* FLCTView.h */ = {isa = PBXFileReference; lastKnownFileType = sourcecode.c.h; path = FLCTView.h; sourceTree = "<group>"; };
		23683B61227831D200337D2C /* FLCTView.m */ = {isa = PBXFileReference; lastKnownFileType = sourcecode.c.objc; path = FLCTView.m; sourceTree = "<group>"; };
		23683B632278398300337D2C /* CTFrameParserConfig.h */ = {isa = PBXFileReference; lastKnownFileType = sourcecode.c.h; path = CTFrameParserConfig.h; sourceTree = "<group>"; };
		23683B642278398300337D2C /* CTFrameParserConfig.m */ = {isa = PBXFileReference; lastKnownFileType = sourcecode.c.objc; path = CTFrameParserConfig.m; sourceTree = "<group>"; };
		23683B66227839BC00337D2C /* CTFrameParser.h */ = {isa = PBXFileReference; lastKnownFileType = sourcecode.c.h; path = CTFrameParser.h; sourceTree = "<group>"; };
		23683B67227839BC00337D2C /* CTFrameParser.m */ = {isa = PBXFileReference; lastKnownFileType = sourcecode.c.objc; path = CTFrameParser.m; sourceTree = "<group>"; };
		23683B69227839EA00337D2C /* CoreTextData.h */ = {isa = PBXFileReference; lastKnownFileType = sourcecode.c.h; path = CoreTextData.h; sourceTree = "<group>"; };
		23683B6A227839EA00337D2C /* CoreTextData.m */ = {isa = PBXFileReference; lastKnownFileType = sourcecode.c.objc; path = CoreTextData.m; sourceTree = "<group>"; };
		23683B6C22783EB200337D2C /* CTDisplayView.h */ = {isa = PBXFileReference; lastKnownFileType = sourcecode.c.h; path = CTDisplayView.h; sourceTree = "<group>"; };
		23683B6D22783EB200337D2C /* CTDisplayView.m */ = {isa = PBXFileReference; lastKnownFileType = sourcecode.c.objc; path = CTDisplayView.m; sourceTree = "<group>"; };
		23683B6F227842FC00337D2C /* UIView+CTFrame.h */ = {isa = PBXFileReference; lastKnownFileType = sourcecode.c.h; path = "UIView+CTFrame.h"; sourceTree = "<group>"; };
		23683B70227842FC00337D2C /* UIView+CTFrame.m */ = {isa = PBXFileReference; lastKnownFileType = sourcecode.c.objc; path = "UIView+CTFrame.m"; sourceTree = "<group>"; };
		23683B7222784CE500337D2C /* JsonTemplate.json */ = {isa = PBXFileReference; lastKnownFileType = text.json; path = JsonTemplate.json; sourceTree = "<group>"; };
		236F1A2A22156ADA009E8C11 /* FLBookProvider.h */ = {isa = PBXFileReference; lastKnownFileType = sourcecode.c.h; path = FLBookProvider.h; sourceTree = "<group>"; };
		236F1A2B22156ADA009E8C11 /* FLBookProvider.m */ = {isa = PBXFileReference; lastKnownFileType = sourcecode.c.objc; path = FLBookProvider.m; sourceTree = "<group>"; };
		236F1A2D22156B32009E8C11 /* FLClothesProvider.h */ = {isa = PBXFileReference; lastKnownFileType = sourcecode.c.h; path = FLClothesProvider.h; sourceTree = "<group>"; };
		236F1A2E22156B32009E8C11 /* FLClothesProvider.m */ = {isa = PBXFileReference; lastKnownFileType = sourcecode.c.objc; path = FLClothesProvider.m; sourceTree = "<group>"; };
		236F8E8D224329F20092CD48 /* FLSecondProxy.h */ = {isa = PBXFileReference; lastKnownFileType = sourcecode.c.h; path = FLSecondProxy.h; sourceTree = "<group>"; };
		236F8E8E224329F20092CD48 /* FLSecondProxy.m */ = {isa = PBXFileReference; lastKnownFileType = sourcecode.c.objc; path = FLSecondProxy.m; sourceTree = "<group>"; };
		2373072A227147E5003901CC /* test.json */ = {isa = PBXFileReference; fileEncoding = 4; lastKnownFileType = text.json; path = test.json; sourceTree = "<group>"; };
		2373072C2271488C003901CC /* ResultModel.h */ = {isa = PBXFileReference; lastKnownFileType = sourcecode.c.h; path = ResultModel.h; sourceTree = "<group>"; };
		2373072D2271488C003901CC /* ResultModel.m */ = {isa = PBXFileReference; lastKnownFileType = sourcecode.c.objc; path = ResultModel.m; sourceTree = "<group>"; };
		2374CFA51E518C62001B799D /* DHAllOrderModel.h */ = {isa = PBXFileReference; fileEncoding = 4; lastKnownFileType = sourcecode.c.h; path = DHAllOrderModel.h; sourceTree = "<group>"; };
		2374CFA61E518C62001B799D /* DHAllOrderModel.m */ = {isa = PBXFileReference; fileEncoding = 4; lastKnownFileType = sourcecode.c.objc; path = DHAllOrderModel.m; sourceTree = "<group>"; };
		2374CFA71E518C62001B799D /* DHMessageKinds.h */ = {isa = PBXFileReference; fileEncoding = 4; lastKnownFileType = sourcecode.c.h; path = DHMessageKinds.h; sourceTree = "<group>"; };
		2374CFA81E518C62001B799D /* DHMessageKinds.m */ = {isa = PBXFileReference; fileEncoding = 4; lastKnownFileType = sourcecode.c.objc; path = DHMessageKinds.m; sourceTree = "<group>"; };
		2374CFA91E518C62001B799D /* DHMessageModel.h */ = {isa = PBXFileReference; fileEncoding = 4; lastKnownFileType = sourcecode.c.h; path = DHMessageModel.h; sourceTree = "<group>"; };
		2374CFAA1E518C62001B799D /* DHMessageModel.m */ = {isa = PBXFileReference; fileEncoding = 4; lastKnownFileType = sourcecode.c.objc; path = DHMessageModel.m; sourceTree = "<group>"; };
		2374CFAB1E518C62001B799D /* DHOrderKind.h */ = {isa = PBXFileReference; fileEncoding = 4; lastKnownFileType = sourcecode.c.h; path = DHOrderKind.h; sourceTree = "<group>"; };
		2374CFAC1E518C62001B799D /* DHOrderKind.m */ = {isa = PBXFileReference; fileEncoding = 4; lastKnownFileType = sourcecode.c.objc; path = DHOrderKind.m; sourceTree = "<group>"; };
		2374CFAD1E518C62001B799D /* DHOrderModel.h */ = {isa = PBXFileReference; fileEncoding = 4; lastKnownFileType = sourcecode.c.h; path = DHOrderModel.h; sourceTree = "<group>"; };
		2374CFAE1E518C62001B799D /* DHOrderModel.m */ = {isa = PBXFileReference; fileEncoding = 4; lastKnownFileType = sourcecode.c.objc; path = DHOrderModel.m; sourceTree = "<group>"; };
		2374CFB81E518D45001B799D /* FRCBaseViewController.h */ = {isa = PBXFileReference; fileEncoding = 4; lastKnownFileType = sourcecode.c.h; path = FRCBaseViewController.h; sourceTree = "<group>"; };
		2374CFB91E518D45001B799D /* FRCBaseViewController.m */ = {isa = PBXFileReference; fileEncoding = 4; lastKnownFileType = sourcecode.c.objc; path = FRCBaseViewController.m; sourceTree = "<group>"; };
		2374CFBB1E5195A3001B799D /* UIViewController+DHRouter.h */ = {isa = PBXFileReference; fileEncoding = 4; lastKnownFileType = sourcecode.c.h; path = "UIViewController+DHRouter.h"; sourceTree = "<group>"; };
		2374CFBC1E5195A3001B799D /* UIViewController+DHRouter.m */ = {isa = PBXFileReference; fileEncoding = 4; lastKnownFileType = sourcecode.c.objc; path = "UIViewController+DHRouter.m"; sourceTree = "<group>"; };
		237600942251DEAE00900FAA /* UIViewController+Analysis.h */ = {isa = PBXFileReference; lastKnownFileType = sourcecode.c.h; path = "UIViewController+Analysis.h"; sourceTree = "<group>"; };
		237600952251DEAE00900FAA /* UIViewController+Analysis.m */ = {isa = PBXFileReference; lastKnownFileType = sourcecode.c.objc; path = "UIViewController+Analysis.m"; sourceTree = "<group>"; };
		237BE7672230C3510097AE6F /* FLTestModel.h */ = {isa = PBXFileReference; lastKnownFileType = sourcecode.c.h; path = FLTestModel.h; sourceTree = "<group>"; };
		237BE7682230C3510097AE6F /* FLTestModel.m */ = {isa = PBXFileReference; lastKnownFileType = sourcecode.c.objc; path = FLTestModel.m; sourceTree = "<group>"; };
		237EE7102159CC850056116E /* DHUserModel.h */ = {isa = PBXFileReference; lastKnownFileType = sourcecode.c.h; path = DHUserModel.h; sourceTree = "<group>"; };
		237EE7112159CC850056116E /* DHUserModel.m */ = {isa = PBXFileReference; lastKnownFileType = sourcecode.c.objc; path = DHUserModel.m; sourceTree = "<group>"; };
		23965FB121918F4200349149 /* WebPlugin.h */ = {isa = PBXFileReference; lastKnownFileType = sourcecode.c.h; path = WebPlugin.h; sourceTree = "<group>"; };
		23965FB221918F4200349149 /* WebPlugin.m */ = {isa = PBXFileReference; lastKnownFileType = sourcecode.c.objc; path = WebPlugin.m; sourceTree = "<group>"; };
		23965FB421918FED00349149 /* log.js */ = {isa = PBXFileReference; fileEncoding = 4; lastKnownFileType = sourcecode.javascript; path = log.js; sourceTree = "<group>"; };
		23965FB92191B9A000349149 /* FLSwiftWebViewController.swift */ = {isa = PBXFileReference; lastKnownFileType = sourcecode.swift; path = FLSwiftWebViewController.swift; sourceTree = "<group>"; };
		23965FBF2193DF4500349149 /* FLCar.h */ = {isa = PBXFileReference; lastKnownFileType = sourcecode.c.h; path = FLCar.h; sourceTree = "<group>"; };
		23965FC02193DF4500349149 /* FLCar.m */ = {isa = PBXFileReference; lastKnownFileType = sourcecode.c.objc; path = FLCar.m; sourceTree = "<group>"; };
		23965FC22193E3AC00349149 /* FLPerson.h */ = {isa = PBXFileReference; lastKnownFileType = sourcecode.c.h; path = FLPerson.h; sourceTree = "<group>"; };
		23965FC32193E3AC00349149 /* FLPerson.m */ = {isa = PBXFileReference; lastKnownFileType = sourcecode.c.objc; path = FLPerson.m; sourceTree = "<group>"; };
		23965FC521940ED600349149 /* FLProxy.h */ = {isa = PBXFileReference; lastKnownFileType = sourcecode.c.h; path = FLProxy.h; sourceTree = "<group>"; };
		23965FC621940ED600349149 /* FLProxy.m */ = {isa = PBXFileReference; lastKnownFileType = sourcecode.c.objc; path = FLProxy.m; sourceTree = "<group>"; };
		23ADA725227EDBE500ED1FA3 /* FLConcurrentViewController.h */ = {isa = PBXFileReference; lastKnownFileType = sourcecode.c.h; path = FLConcurrentViewController.h; sourceTree = "<group>"; };
		23ADA726227EDBE500ED1FA3 /* FLConcurrentViewController.m */ = {isa = PBXFileReference; lastKnownFileType = sourcecode.c.objc; path = FLConcurrentViewController.m; sourceTree = "<group>"; };
		23ADA728227EE26700ED1FA3 /* CoreTextImageData.h */ = {isa = PBXFileReference; lastKnownFileType = sourcecode.c.h; path = CoreTextImageData.h; sourceTree = "<group>"; };
		23ADA729227EE26700ED1FA3 /* CoreTextImageData.m */ = {isa = PBXFileReference; lastKnownFileType = sourcecode.c.objc; path = CoreTextImageData.m; sourceTree = "<group>"; };
		23BF04782134E8F500ECD946 /* CaculatorMaker.m */ = {isa = PBXFileReference; fileEncoding = 4; lastKnownFileType = sourcecode.c.objc; path = CaculatorMaker.m; sourceTree = "<group>"; };
		23BF04792134E8F500ECD946 /* RACViewController.m */ = {isa = PBXFileReference; fileEncoding = 4; lastKnownFileType = sourcecode.c.objc; path = RACViewController.m; sourceTree = "<group>"; };
		23BF047A2134E8F500ECD946 /* Caculator.h */ = {isa = PBXFileReference; fileEncoding = 4; lastKnownFileType = sourcecode.c.h; path = Caculator.h; sourceTree = "<group>"; };
		23BF047B2134E8F500ECD946 /* NSObject+Caculator.m */ = {isa = PBXFileReference; fileEncoding = 4; lastKnownFileType = sourcecode.c.objc; path = "NSObject+Caculator.m"; sourceTree = "<group>"; };
		23BF047C2134E8F500ECD946 /* CaculatorMaker.h */ = {isa = PBXFileReference; fileEncoding = 4; lastKnownFileType = sourcecode.c.h; path = CaculatorMaker.h; sourceTree = "<group>"; };
		23BF047D2134E8F500ECD946 /* RACViewController.h */ = {isa = PBXFileReference; fileEncoding = 4; lastKnownFileType = sourcecode.c.h; path = RACViewController.h; sourceTree = "<group>"; };
		23BF047E2134E8F500ECD946 /* Caculator.m */ = {isa = PBXFileReference; fileEncoding = 4; lastKnownFileType = sourcecode.c.objc; path = Caculator.m; sourceTree = "<group>"; };
		23BF047F2134E8F500ECD946 /* NSObject+Caculator.h */ = {isa = PBXFileReference; fileEncoding = 4; lastKnownFileType = sourcecode.c.h; path = "NSObject+Caculator.h"; sourceTree = "<group>"; };
		23BF048421353D0200ECD946 /* FLBaseViewController.h */ = {isa = PBXFileReference; lastKnownFileType = sourcecode.c.h; path = FLBaseViewController.h; sourceTree = "<group>"; };
		23BF048521353D0200ECD946 /* FLBaseViewController.m */ = {isa = PBXFileReference; lastKnownFileType = sourcecode.c.objc; path = FLBaseViewController.m; sourceTree = "<group>"; };
		23BF048721353D2100ECD946 /* FLUIKitViewController.h */ = {isa = PBXFileReference; lastKnownFileType = sourcecode.c.h; path = FLUIKitViewController.h; sourceTree = "<group>"; };
		23BF048821353D2100ECD946 /* FLUIKitViewController.m */ = {isa = PBXFileReference; lastKnownFileType = sourcecode.c.objc; path = FLUIKitViewController.m; sourceTree = "<group>"; };
		23BFA06E21DCD7B80045AF0B /* RACViewModel.h */ = {isa = PBXFileReference; lastKnownFileType = sourcecode.c.h; path = RACViewModel.h; sourceTree = "<group>"; };
		23BFA06F21DCD7B80045AF0B /* RACViewModel.m */ = {isa = PBXFileReference; lastKnownFileType = sourcecode.c.objc; path = RACViewModel.m; sourceTree = "<group>"; };
		23BFA07121DCD7E00045AF0B /* RACRequest.h */ = {isa = PBXFileReference; lastKnownFileType = sourcecode.c.h; path = RACRequest.h; sourceTree = "<group>"; };
		23BFA07221DCD7E00045AF0B /* RACRequest.m */ = {isa = PBXFileReference; lastKnownFileType = sourcecode.c.objc; path = RACRequest.m; sourceTree = "<group>"; };
		23CCB5992251EF4E00A5EE8E /* NSObject+Analysis.h */ = {isa = PBXFileReference; lastKnownFileType = sourcecode.c.h; path = "NSObject+Analysis.h"; sourceTree = "<group>"; };
		23CCB59A2251EF4E00A5EE8E /* NSObject+Analysis.m */ = {isa = PBXFileReference; lastKnownFileType = sourcecode.c.objc; path = "NSObject+Analysis.m"; sourceTree = "<group>"; };
		23CCB59C2251F35300A5EE8E /* UIControl+Analysis.h */ = {isa = PBXFileReference; lastKnownFileType = sourcecode.c.h; path = "UIControl+Analysis.h"; sourceTree = "<group>"; };
		23CCB59D2251F35300A5EE8E /* UIControl+Analysis.m */ = {isa = PBXFileReference; lastKnownFileType = sourcecode.c.objc; path = "UIControl+Analysis.m"; sourceTree = "<group>"; };
		23CCB59F2252014F00A5EE8E /* UITableView+Analysis.h */ = {isa = PBXFileReference; lastKnownFileType = sourcecode.c.h; path = "UITableView+Analysis.h"; sourceTree = "<group>"; };
		23CCB5A02252014F00A5EE8E /* UITableView+Analysis.m */ = {isa = PBXFileReference; lastKnownFileType = sourcecode.c.objc; path = "UITableView+Analysis.m"; sourceTree = "<group>"; };
		23CCB5A22252123E00A5EE8E /* UIGestureRecognizer+Analysis.h */ = {isa = PBXFileReference; lastKnownFileType = sourcecode.c.h; path = "UIGestureRecognizer+Analysis.h"; sourceTree = "<group>"; };
		23CCB5A32252123E00A5EE8E /* UIGestureRecognizer+Analysis.m */ = {isa = PBXFileReference; lastKnownFileType = sourcecode.c.objc; path = "UIGestureRecognizer+Analysis.m"; sourceTree = "<group>"; };
		23CCB5C52254B80D00A5EE8E /* FLSwiftStudyFirstViewController.swift */ = {isa = PBXFileReference; lastKnownFileType = sourcecode.swift; path = FLSwiftStudyFirstViewController.swift; sourceTree = "<group>"; };
		23CDBEDD2277DD3D009D62C5 /* FLCollectionViewWaterFallLayout.h */ = {isa = PBXFileReference; lastKnownFileType = sourcecode.c.h; path = FLCollectionViewWaterFallLayout.h; sourceTree = "<group>"; };
		23CDBEDE2277DD3D009D62C5 /* FLCollectionViewWaterFallLayout.m */ = {isa = PBXFileReference; lastKnownFileType = sourcecode.c.objc; path = FLCollectionViewWaterFallLayout.m; sourceTree = "<group>"; };
		23D368171E4C0ABE00ECC80D /* MyHomeWork-Prefix.pch */ = {isa = PBXFileReference; fileEncoding = 4; lastKnownFileType = sourcecode.c.h; path = "MyHomeWork-Prefix.pch"; sourceTree = "<group>"; };
		23D3682F1E4C5A5300ECC80D /* en */ = {isa = PBXFileReference; lastKnownFileType = image.png; name = en; path = en.lproj/test2.png; sourceTree = "<group>"; };
		23D368311E4C5A5900ECC80D /* zh-Hans */ = {isa = PBXFileReference; lastKnownFileType = image.png; name = "zh-Hans"; path = "zh-Hans.lproj/test2.png"; sourceTree = "<group>"; };
		23DE6A0E1E46F27E00B3FFFD /* fr */ = {isa = PBXFileReference; lastKnownFileType = text.plist.strings; name = fr; path = fr.lproj/LaunchScreen.strings; sourceTree = "<group>"; };
		23DE6A101E46F28400B3FFFD /* zh-Hans */ = {isa = PBXFileReference; lastKnownFileType = text.plist.strings; name = "zh-Hans"; path = "zh-Hans.lproj/LaunchScreen.strings"; sourceTree = "<group>"; };
		23DE6A121E46F28900B3FFFD /* zh-Hant */ = {isa = PBXFileReference; lastKnownFileType = text.plist.strings; name = "zh-Hant"; path = "zh-Hant.lproj/LaunchScreen.strings"; sourceTree = "<group>"; };
		23DE6A141E46F29100B3FFFD /* ja */ = {isa = PBXFileReference; lastKnownFileType = text.plist.strings; name = ja; path = ja.lproj/LaunchScreen.strings; sourceTree = "<group>"; };
		23DE6A161E46F29D00B3FFFD /* ko */ = {isa = PBXFileReference; lastKnownFileType = text.plist.strings; name = ko; path = ko.lproj/LaunchScreen.strings; sourceTree = "<group>"; };
		23DE6A1A1E46F3A800B3FFFD /* en */ = {isa = PBXFileReference; lastKnownFileType = text.plist.strings; name = en; path = en.lproj/InfoPlist.strings; sourceTree = "<group>"; };
		23DE6A1C1E46F3D800B3FFFD /* fr */ = {isa = PBXFileReference; lastKnownFileType = text.plist.strings; name = fr; path = fr.lproj/InfoPlist.strings; sourceTree = "<group>"; };
		23DE6A1D1E46F3DA00B3FFFD /* zh-Hans */ = {isa = PBXFileReference; lastKnownFileType = text.plist.strings; name = "zh-Hans"; path = "zh-Hans.lproj/InfoPlist.strings"; sourceTree = "<group>"; };
		23DE6A1E1E46F3DB00B3FFFD /* zh-Hant */ = {isa = PBXFileReference; lastKnownFileType = text.plist.strings; name = "zh-Hant"; path = "zh-Hant.lproj/InfoPlist.strings"; sourceTree = "<group>"; };
		23DE6A1F1E46F3DC00B3FFFD /* ja */ = {isa = PBXFileReference; lastKnownFileType = text.plist.strings; name = ja; path = ja.lproj/InfoPlist.strings; sourceTree = "<group>"; };
		23DE6A201E46F3DF00B3FFFD /* ko */ = {isa = PBXFileReference; lastKnownFileType = text.plist.strings; name = ko; path = ko.lproj/InfoPlist.strings; sourceTree = "<group>"; };
		23DE6A241E46F7F200B3FFFD /* en */ = {isa = PBXFileReference; lastKnownFileType = text.plist.strings; name = en; path = en.lproj/Localizable.strings; sourceTree = "<group>"; };
		23DE6A261E46F7F400B3FFFD /* fr */ = {isa = PBXFileReference; lastKnownFileType = text.plist.strings; name = fr; path = fr.lproj/Localizable.strings; sourceTree = "<group>"; };
		23DE6A271E46F7FB00B3FFFD /* zh-Hans */ = {isa = PBXFileReference; lastKnownFileType = text.plist.strings; name = "zh-Hans"; path = "zh-Hans.lproj/Localizable.strings"; sourceTree = "<group>"; };
		23DE6A281E46F7FD00B3FFFD /* zh-Hant */ = {isa = PBXFileReference; lastKnownFileType = text.plist.strings; name = "zh-Hant"; path = "zh-Hant.lproj/Localizable.strings"; sourceTree = "<group>"; };
		23DE6A291E46F7FE00B3FFFD /* ko */ = {isa = PBXFileReference; lastKnownFileType = text.plist.strings; name = ko; path = ko.lproj/Localizable.strings; sourceTree = "<group>"; };
		23E5A0DA22584DA5006BDDA9 /* FLSwiftStudy27.swift */ = {isa = PBXFileReference; lastKnownFileType = sourcecode.swift; path = FLSwiftStudy27.swift; sourceTree = "<group>"; };
		23E5A0DC22585302006BDDA9 /* FLSwiftStudy27FirstViewController.swift */ = {isa = PBXFileReference; lastKnownFileType = sourcecode.swift; path = FLSwiftStudy27FirstViewController.swift; sourceTree = "<group>"; };
		23E5A0DE22585317006BDDA9 /* FLSwiftStudy27SecondViewController.swift */ = {isa = PBXFileReference; lastKnownFileType = sourcecode.swift; path = FLSwiftStudy27SecondViewController.swift; sourceTree = "<group>"; };
		23E5A0E022585322006BDDA9 /* FLSwiftStudy27ThirdViewController.swift */ = {isa = PBXFileReference; lastKnownFileType = sourcecode.swift; path = FLSwiftStudy27ThirdViewController.swift; sourceTree = "<group>"; };
		23E5A0E222585377006BDDA9 /* FLSwiftStudyBaseViewController.swift */ = {isa = PBXFileReference; lastKnownFileType = sourcecode.swift; path = FLSwiftStudyBaseViewController.swift; sourceTree = "<group>"; };
		23E77FF321884539009B8E84 /* JSPerson.h */ = {isa = PBXFileReference; lastKnownFileType = sourcecode.c.h; path = JSPerson.h; sourceTree = "<group>"; };
		23E77FF421884539009B8E84 /* JSPerson.m */ = {isa = PBXFileReference; lastKnownFileType = sourcecode.c.objc; path = JSPerson.m; sourceTree = "<group>"; };
		23E77FF621885096009B8E84 /* EvaluatePrice.js */ = {isa = PBXFileReference; fileEncoding = 4; lastKnownFileType = sourcecode.javascript; path = EvaluatePrice.js; sourceTree = "<group>"; };
		23E77FF8218855FD009B8E84 /* FLWebViewController.h */ = {isa = PBXFileReference; lastKnownFileType = sourcecode.c.h; path = FLWebViewController.h; sourceTree = "<group>"; };
		23E77FF9218855FD009B8E84 /* FLWebViewController.m */ = {isa = PBXFileReference; lastKnownFileType = sourcecode.c.objc; path = FLWebViewController.m; sourceTree = "<group>"; };
		23E8B79121E5E01700FD446F /* DHOrderDishModel.h */ = {isa = PBXFileReference; lastKnownFileType = sourcecode.c.h; path = DHOrderDishModel.h; sourceTree = "<group>"; };
		23E8B79221E5E01700FD446F /* DHOrderDishModel.m */ = {isa = PBXFileReference; lastKnownFileType = sourcecode.c.objc; path = DHOrderDishModel.m; sourceTree = "<group>"; };
		23E8B79421E5E07A00FD446F /* DHOrderDishModel+Test.h */ = {isa = PBXFileReference; lastKnownFileType = sourcecode.c.h; path = "DHOrderDishModel+Test.h"; sourceTree = "<group>"; };
		23E8B79521E5E07A00FD446F /* DHOrderDishModel+Test.m */ = {isa = PBXFileReference; lastKnownFileType = sourcecode.c.objc; path = "DHOrderDishModel+Test.m"; sourceTree = "<group>"; };
		23E8B79A21E6E67E00FD446F /* DHOrderDishModel+Test2.h */ = {isa = PBXFileReference; lastKnownFileType = sourcecode.c.h; path = "DHOrderDishModel+Test2.h"; sourceTree = "<group>"; };
		23E8B79B21E6E67E00FD446F /* DHOrderDishModel+Test2.m */ = {isa = PBXFileReference; lastKnownFileType = sourcecode.c.objc; path = "DHOrderDishModel+Test2.m"; sourceTree = "<group>"; };
		69599EA15F9C66C29E99337B /* libPods-MyHomeWork.a */ = {isa = PBXFileReference; explicitFileType = archive.ar; includeInIndex = 0; path = "libPods-MyHomeWork.a"; sourceTree = BUILT_PRODUCTS_DIR; };
		FC7A47D341A6CDDDD0A9797C /* Pods-MyHomeWork.release.xcconfig */ = {isa = PBXFileReference; includeInIndex = 1; lastKnownFileType = text.xcconfig; name = "Pods-MyHomeWork.release.xcconfig"; path = "Pods/Target Support Files/Pods-MyHomeWork/Pods-MyHomeWork.release.xcconfig"; sourceTree = "<group>"; };
/* End PBXFileReference section */

/* Begin PBXFrameworksBuildPhase section */
		2360988A1D980892009C589B /* Frameworks */ = {
			isa = PBXFrameworksBuildPhase;
			buildActionMask = 2147483647;
			files = (
				36B3E01D9D1E692147BBD537 /* libPods-MyHomeWork.a in Frameworks */,
			);
			runOnlyForDeploymentPostprocessing = 0;
		};
		236098A31D980892009C589B /* Frameworks */ = {
			isa = PBXFrameworksBuildPhase;
			buildActionMask = 2147483647;
			files = (
			);
			runOnlyForDeploymentPostprocessing = 0;
		};
		236098AE1D980892009C589B /* Frameworks */ = {
			isa = PBXFrameworksBuildPhase;
			buildActionMask = 2147483647;
			files = (
			);
			runOnlyForDeploymentPostprocessing = 0;
		};
/* End PBXFrameworksBuildPhase section */

/* Begin PBXGroup section */
		2307F1632064A1F30060A688 /* Patch */ = {
			isa = PBXGroup;
			children = (
				2307F1642064A2120060A688 /* WZDPatch.h */,
				2307F1652064A2120060A688 /* WZDPatch.m */,
				2307F1672064A3F60060A688 /* WZDPatchTest.h */,
				2307F1682064A3F60060A688 /* WZDPatchTest.m */,
			);
			path = Patch;
			sourceTree = "<group>";
		};
		2320909B2276FEE90034CA96 /* CollectionView */ = {
			isa = PBXGroup;
			children = (
				2320909C2276FF540034CA96 /* FLCollectionViewController.h */,
				2320909D2276FF540034CA96 /* FLCollectionViewController.m */,
				2320909F2276FFB90034CA96 /* FLCollectionViewLinearLayout.h */,
				232090A02276FFB90034CA96 /* FLCollectionViewLinearLayout.m */,
				23CDBEDD2277DD3D009D62C5 /* FLCollectionViewWaterFallLayout.h */,
				23CDBEDE2277DD3D009D62C5 /* FLCollectionViewWaterFallLayout.m */,
				2304FCD22277ECC400754B13 /* FLCollectionViewCircleLayout.h */,
				2304FCD32277ECC400754B13 /* FLCollectionViewCircleLayout.m */,
				232090A22277019E0034CA96 /* FLCollectionViewCell.h */,
				232090A32277019E0034CA96 /* FLCollectionViewCell.m */,
			);
			path = CollectionView;
			sourceTree = "<group>";
		};
		232413A0225595CB008618C7 /* SwiftStudy */ = {
			isa = PBXGroup;
			children = (
				232413A52255B0CF008618C7 /* Fonts */,
				23CCB5C52254B80D00A5EE8E /* FLSwiftStudyFirstViewController.swift */,
				232413A3225596AB008618C7 /* FLSwiftStudySecondViewController.swift */,
				23E5A0E222585377006BDDA9 /* FLSwiftStudyBaseViewController.swift */,
				23E5A0DA22584DA5006BDDA9 /* FLSwiftStudy27.swift */,
				23E5A0DC22585302006BDDA9 /* FLSwiftStudy27FirstViewController.swift */,
				23E5A0DE22585317006BDDA9 /* FLSwiftStudy27SecondViewController.swift */,
				23E5A0E022585322006BDDA9 /* FLSwiftStudy27ThirdViewController.swift */,
				232413A1225595F3008618C7 /* FLSwiftStudyGlobal.swift */,
			);
			path = SwiftStudy;
			sourceTree = "<group>";
		};
		232413A52255B0CF008618C7 /* Fonts */ = {
			isa = PBXGroup;
			children = (
				232413A82255B10E008618C7 /* Gaspar Regular.otf */,
				232413A92255B10E008618C7 /* MFJinHei_Noncommercial-Regular.ttf */,
				232413A62255B10E008618C7 /* MFTongXin_Noncommercial-Regular.ttf */,
				232413A72255B10E008618C7 /* MFZhiHei_Noncommercial-Regular.ttf */,
			);
			path = Fonts;
			sourceTree = "<group>";
		};
		2335DCB91E0E130F00C48142 /* Web */ = {
			isa = PBXGroup;
			children = (
				23965FB421918FED00349149 /* log.js */,
				23E77FF621885096009B8E84 /* EvaluatePrice.js */,
				2335DCBA1E0E137100C48142 /* testWeb.html */,
				23E77FF321884539009B8E84 /* JSPerson.h */,
				23E77FF421884539009B8E84 /* JSPerson.m */,
				23E77FF8218855FD009B8E84 /* FLWebViewController.h */,
				23E77FF9218855FD009B8E84 /* FLWebViewController.m */,
				23965FB92191B9A000349149 /* FLSwiftWebViewController.swift */,
				23965FB121918F4200349149 /* WebPlugin.h */,
				23965FB221918F4200349149 /* WebPlugin.m */,
			);
			path = Web;
			sourceTree = "<group>";
		};
		2356D6DA221E895C00DC57D7 /* SQL */ = {
			isa = PBXGroup;
			children = (
				2356D6DB221E897900DC57D7 /* FLMsgModel.h */,
				2356D6DC221E897900DC57D7 /* FLMsgModel.m */,
				2356D6DE221E8AC500DC57D7 /* FLFMDBHelper.h */,
				2356D6DF221E8AC500DC57D7 /* FLFMDBHelper.m */,
			);
			path = SQL;
			sourceTree = "<group>";
		};
		236098841D980892009C589B = {
			isa = PBXGroup;
			children = (
				2360988F1D980892009C589B /* MyHomeWork */,
				236098A91D980892009C589B /* MyHomeWorkTests */,
				236098B41D980892009C589B /* MyHomeWorkUITests */,
				2360988E1D980892009C589B /* Products */,
				554CF75A9F8F4738FF739435 /* Pods */,
				67121C25D85C392F9D5132BA /* Frameworks */,
			);
			sourceTree = "<group>";
		};
		2360988E1D980892009C589B /* Products */ = {
			isa = PBXGroup;
			children = (
				2360988D1D980892009C589B /* MyHomeWork.app */,
				236098A61D980892009C589B /* MyHomeWorkTests.xctest */,
				236098B11D980892009C589B /* MyHomeWorkUITests.xctest */,
			);
			name = Products;
			sourceTree = "<group>";
		};
		2360988F1D980892009C589B /* MyHomeWork */ = {
			isa = PBXGroup;
			children = (
				23ADA724227EDBC600ED1FA3 /* Concurrent */,
				23ADA723227EDB1300ED1FA3 /* UIKit */,
				23683B5C2278210B00337D2C /* CoreText */,
				2320909B2276FEE90034CA96 /* CollectionView */,
				2373072A227147E5003901CC /* test.json */,
				232413A0225595CB008618C7 /* SwiftStudy */,
				2356D6DA221E895C00DC57D7 /* SQL */,
				23634C4621F165FC0028B669 /* Pattern */,
				23965FBE2193DEF400349149 /* Runtime */,
				23BF04772134E8F500ECD946 /* RAC */,
				2307F1632064A1F30060A688 /* Patch */,
				2374CFB71E518D45001B799D /* BaseViewController */,
				2374CFA41E518C62001B799D /* Model */,
				23D3681C1E4C580400ECC80D /* images */,
				2335DCB91E0E130F00C48142 /* Web */,
				236098931D980892009C589B /* AppDelegate.h */,
				236098941D980892009C589B /* AppDelegate.m */,
				23683B572278187C00337D2C /* FLTableViewController.h */,
				23683B582278187C00337D2C /* FLTableViewController.m */,
				2360989C1D980892009C589B /* Assets.xcassets */,
				2360989E1D980892009C589B /* LaunchScreen.storyboard */,
				236098A11D980892009C589B /* Info.plist */,
				23DE6A251E46F7F200B3FFFD /* Localizable.strings */,
				23DE6A1B1E46F3A800B3FFFD /* InfoPlist.strings */,
				236098901D980892009C589B /* Supporting Files */,
				230206D22178A649006FBF56 /* MyHomeWork-Bridging-Header.h */,
			);
			path = MyHomeWork;
			sourceTree = "<group>";
		};
		236098901D980892009C589B /* Supporting Files */ = {
			isa = PBXGroup;
			children = (
				236098911D980892009C589B /* main.m */,
				23D368171E4C0ABE00ECC80D /* MyHomeWork-Prefix.pch */,
				23683B7222784CE500337D2C /* JsonTemplate.json */,
			);
			name = "Supporting Files";
			sourceTree = "<group>";
		};
		236098A91D980892009C589B /* MyHomeWorkTests */ = {
			isa = PBXGroup;
			children = (
				236098AA1D980892009C589B /* MyHomeWorkTests.m */,
				236098AC1D980892009C589B /* Info.plist */,
			);
			path = MyHomeWorkTests;
			sourceTree = "<group>";
		};
		236098B41D980892009C589B /* MyHomeWorkUITests */ = {
			isa = PBXGroup;
			children = (
				236098B51D980892009C589B /* MyHomeWorkUITests.m */,
				236098B71D980892009C589B /* Info.plist */,
			);
			path = MyHomeWorkUITests;
			sourceTree = "<group>";
		};
		23634C4621F165FC0028B669 /* Pattern */ = {
			isa = PBXGroup;
			children = (
				23634C5921F177280028B669 /* Builer */,
				23634C4E21F16C2A0028B669 /* Strategy */,
				23634C4D21F16B7E0028B669 /* SimpleFactory */,
			);
			path = Pattern;
			sourceTree = "<group>";
		};
		23634C4D21F16B7E0028B669 /* SimpleFactory */ = {
			isa = PBXGroup;
			children = (
				23634C4721F166590028B669 /* FLOperation.h */,
				23634C4821F166590028B669 /* FLOperation.m */,
				23634C4B21F167630028B669 /* FLOperationFactory.m */,
				23634C4A21F167630028B669 /* FLOperationFactory.h */,
			);
			path = SimpleFactory;
			sourceTree = "<group>";
		};
		23634C4E21F16C2A0028B669 /* Strategy */ = {
			isa = PBXGroup;
			children = (
				23634C4F21F16E0B0028B669 /* FLCashProtocol.h */,
				23634C5021F16E7D0028B669 /* FLCashNormal.h */,
				23634C5121F16E7D0028B669 /* FLCashNormal.m */,
				23634C5321F16F710028B669 /* FLCashRebate.h */,
				23634C5421F16F710028B669 /* FLCashRebate.m */,
				23634C5621F16FE50028B669 /* FLCashContext.h */,
				23634C5721F16FE50028B669 /* FLCashContext.m */,
			);
			path = Strategy;
			sourceTree = "<group>";
		};
		23634C5921F177280028B669 /* Builer */ = {
			isa = PBXGroup;
			children = (
				23634C5A21F177700028B669 /* FLBuilderProtocol.h */,
				23634C5E21F1783E0028B669 /* FLDoorBuilderProtocol.h */,
				23634C5F21F1784E0028B669 /* FLEngineBuilderProtocol.h */,
				23634C6021F1785C0028B669 /* FLWheelBuilderProtocol.h */,
				23634C6121F1796B0028B669 /* FLDoor.h */,
				23634C6221F1796B0028B669 /* FLDoor.m */,
				23634C6421F179750028B669 /* FLEngine.h */,
				23634C6521F179750028B669 /* FLEngine.m */,
				23634C6721F1797F0028B669 /* FLWheel.h */,
				23634C6821F1797F0028B669 /* FLWheel.m */,
				23634C5B21F177E20028B669 /* FLBuilder.h */,
				23634C5C21F177E20028B669 /* FLBuilder.m */,
			);
			path = Builer;
			sourceTree = "<group>";
		};
		23683B5C2278210B00337D2C /* CoreText */ = {
			isa = PBXGroup;
			children = (
				23683B5D2278212B00337D2C /* FLCTViewController.h */,
				23683B5E2278212B00337D2C /* FLCTViewController.m */,
				23683B60227831D200337D2C /* FLCTView.h */,
				23683B61227831D200337D2C /* FLCTView.m */,
				23683B632278398300337D2C /* CTFrameParserConfig.h */,
				23683B642278398300337D2C /* CTFrameParserConfig.m */,
				23683B66227839BC00337D2C /* CTFrameParser.h */,
				23683B67227839BC00337D2C /* CTFrameParser.m */,
				23683B69227839EA00337D2C /* CoreTextData.h */,
				23683B6A227839EA00337D2C /* CoreTextData.m */,
				23683B6C22783EB200337D2C /* CTDisplayView.h */,
				23683B6D22783EB200337D2C /* CTDisplayView.m */,
				23683B6F227842FC00337D2C /* UIView+CTFrame.h */,
				23683B70227842FC00337D2C /* UIView+CTFrame.m */,
				23ADA728227EE26700ED1FA3 /* CoreTextImageData.h */,
				23ADA729227EE26700ED1FA3 /* CoreTextImageData.m */,
			);
			path = CoreText;
			sourceTree = "<group>";
		};
		2374CFA41E518C62001B799D /* Model */ = {
			isa = PBXGroup;
			children = (
				2374CFA51E518C62001B799D /* DHAllOrderModel.h */,
				2374CFA61E518C62001B799D /* DHAllOrderModel.m */,
				2374CFA71E518C62001B799D /* DHMessageKinds.h */,
				2374CFA81E518C62001B799D /* DHMessageKinds.m */,
				2374CFA91E518C62001B799D /* DHMessageModel.h */,
				2374CFAA1E518C62001B799D /* DHMessageModel.m */,
				2374CFAB1E518C62001B799D /* DHOrderKind.h */,
				2374CFAC1E518C62001B799D /* DHOrderKind.m */,
				2374CFAD1E518C62001B799D /* DHOrderModel.h */,
				2374CFAE1E518C62001B799D /* DHOrderModel.m */,
				23E8B79121E5E01700FD446F /* DHOrderDishModel.h */,
				23E8B79221E5E01700FD446F /* DHOrderDishModel.m */,
				23E8B79421E5E07A00FD446F /* DHOrderDishModel+Test.h */,
				23E8B79521E5E07A00FD446F /* DHOrderDishModel+Test.m */,
				23E8B79A21E6E67E00FD446F /* DHOrderDishModel+Test2.h */,
				23E8B79B21E6E67E00FD446F /* DHOrderDishModel+Test2.m */,
				237EE7102159CC850056116E /* DHUserModel.h */,
				237EE7112159CC850056116E /* DHUserModel.m */,
				237BE7672230C3510097AE6F /* FLTestModel.h */,
				237BE7682230C3510097AE6F /* FLTestModel.m */,
				2373072C2271488C003901CC /* ResultModel.h */,
				2373072D2271488C003901CC /* ResultModel.m */,
			);
			path = Model;
			sourceTree = "<group>";
		};
		2374CFB71E518D45001B799D /* BaseViewController */ = {
			isa = PBXGroup;
			children = (
				2374CFB81E518D45001B799D /* FRCBaseViewController.h */,
				2374CFB91E518D45001B799D /* FRCBaseViewController.m */,
				2374CFBB1E5195A3001B799D /* UIViewController+DHRouter.h */,
				2374CFBC1E5195A3001B799D /* UIViewController+DHRouter.m */,
				23BF048421353D0200ECD946 /* FLBaseViewController.h */,
				23BF048521353D0200ECD946 /* FLBaseViewController.m */,
			);
			path = BaseViewController;
			sourceTree = "<group>";
		};
		23965FBE2193DEF400349149 /* Runtime */ = {
			isa = PBXGroup;
			children = (
				23965FBF2193DF4500349149 /* FLCar.h */,
				23965FC02193DF4500349149 /* FLCar.m */,
				23965FC22193E3AC00349149 /* FLPerson.h */,
				23965FC32193E3AC00349149 /* FLPerson.m */,
				23965FC521940ED600349149 /* FLProxy.h */,
				23965FC621940ED600349149 /* FLProxy.m */,
				236F8E8D224329F20092CD48 /* FLSecondProxy.h */,
				236F8E8E224329F20092CD48 /* FLSecondProxy.m */,
				236F1A2A22156ADA009E8C11 /* FLBookProvider.h */,
				236F1A2B22156ADA009E8C11 /* FLBookProvider.m */,
				236F1A2D22156B32009E8C11 /* FLClothesProvider.h */,
				236F1A2E22156B32009E8C11 /* FLClothesProvider.m */,
				237600942251DEAE00900FAA /* UIViewController+Analysis.h */,
				237600952251DEAE00900FAA /* UIViewController+Analysis.m */,
				23CCB5992251EF4E00A5EE8E /* NSObject+Analysis.h */,
				23CCB59A2251EF4E00A5EE8E /* NSObject+Analysis.m */,
				23CCB59C2251F35300A5EE8E /* UIControl+Analysis.h */,
				23CCB59D2251F35300A5EE8E /* UIControl+Analysis.m */,
				23CCB59F2252014F00A5EE8E /* UITableView+Analysis.h */,
				23CCB5A02252014F00A5EE8E /* UITableView+Analysis.m */,
				23CCB5A22252123E00A5EE8E /* UIGestureRecognizer+Analysis.h */,
				23CCB5A32252123E00A5EE8E /* UIGestureRecognizer+Analysis.m */,
			);
			path = Runtime;
			sourceTree = "<group>";
		};
		23ADA723227EDB1300ED1FA3 /* UIKit */ = {
			isa = PBXGroup;
			children = (
				23608A901E050F7100C4D190 /* FLCustomView.h */,
				23608A911E050F7100C4D190 /* FLCustomView.m */,
				23BF048721353D2100ECD946 /* FLUIKitViewController.h */,
				23BF048821353D2100ECD946 /* FLUIKitViewController.m */,
			);
			path = UIKit;
			sourceTree = "<group>";
		};
		23ADA724227EDBC600ED1FA3 /* Concurrent */ = {
			isa = PBXGroup;
			children = (
				23ADA725227EDBE500ED1FA3 /* FLConcurrentViewController.h */,
				23ADA726227EDBE500ED1FA3 /* FLConcurrentViewController.m */,
			);
			path = Concurrent;
			sourceTree = "<group>";
		};
		23BF04772134E8F500ECD946 /* RAC */ = {
			isa = PBXGroup;
			children = (
				23BF04782134E8F500ECD946 /* CaculatorMaker.m */,
				23BF04792134E8F500ECD946 /* RACViewController.m */,
				23BF047A2134E8F500ECD946 /* Caculator.h */,
				23BF047B2134E8F500ECD946 /* NSObject+Caculator.m */,
				23BF047C2134E8F500ECD946 /* CaculatorMaker.h */,
				23BF047D2134E8F500ECD946 /* RACViewController.h */,
				23BFA06E21DCD7B80045AF0B /* RACViewModel.h */,
				23BFA07121DCD7E00045AF0B /* RACRequest.h */,
				23BFA07221DCD7E00045AF0B /* RACRequest.m */,
				23BFA06F21DCD7B80045AF0B /* RACViewModel.m */,
				23BF047E2134E8F500ECD946 /* Caculator.m */,
				23BF047F2134E8F500ECD946 /* NSObject+Caculator.h */,
			);
			path = RAC;
			sourceTree = "<group>";
		};
		23D3681C1E4C580400ECC80D /* images */ = {
			isa = PBXGroup;
			children = (
				23D368301E4C5A5300ECC80D /* test2.png */,
			);
			path = images;
			sourceTree = "<group>";
		};
		554CF75A9F8F4738FF739435 /* Pods */ = {
			isa = PBXGroup;
			children = (
				0BCFDF0087E34B7DC8491769 /* Pods-MyHomeWork.debug.xcconfig */,
				FC7A47D341A6CDDDD0A9797C /* Pods-MyHomeWork.release.xcconfig */,
			);
			name = Pods;
			sourceTree = "<group>";
		};
		67121C25D85C392F9D5132BA /* Frameworks */ = {
			isa = PBXGroup;
			children = (
				69599EA15F9C66C29E99337B /* libPods-MyHomeWork.a */,
			);
			name = Frameworks;
			sourceTree = "<group>";
		};
/* End PBXGroup section */

/* Begin PBXNativeTarget section */
		2360988C1D980892009C589B /* MyHomeWork */ = {
			isa = PBXNativeTarget;
			buildConfigurationList = 236098BA1D980892009C589B /* Build configuration list for PBXNativeTarget "MyHomeWork" */;
			buildPhases = (
				D469D670E707F16AA547A6A3 /* [CP] Check Pods Manifest.lock */,
				236098891D980892009C589B /* Sources */,
				2360988A1D980892009C589B /* Frameworks */,
				2360988B1D980892009C589B /* Resources */,
				99BFA0DD49ACD5C9BE45D3C6 /* [CP] Copy Pods Resources */,
			);
			buildRules = (
			);
			dependencies = (
			);
			name = MyHomeWork;
			productName = MyHomeWork;
			productReference = 2360988D1D980892009C589B /* MyHomeWork.app */;
			productType = "com.apple.product-type.application";
		};
		236098A51D980892009C589B /* MyHomeWorkTests */ = {
			isa = PBXNativeTarget;
			buildConfigurationList = 236098BD1D980892009C589B /* Build configuration list for PBXNativeTarget "MyHomeWorkTests" */;
			buildPhases = (
				236098A21D980892009C589B /* Sources */,
				236098A31D980892009C589B /* Frameworks */,
				236098A41D980892009C589B /* Resources */,
			);
			buildRules = (
			);
			dependencies = (
				236098A81D980892009C589B /* PBXTargetDependency */,
			);
			name = MyHomeWorkTests;
			productName = MyHomeWorkTests;
			productReference = 236098A61D980892009C589B /* MyHomeWorkTests.xctest */;
			productType = "com.apple.product-type.bundle.unit-test";
		};
		236098B01D980892009C589B /* MyHomeWorkUITests */ = {
			isa = PBXNativeTarget;
			buildConfigurationList = 236098C01D980892009C589B /* Build configuration list for PBXNativeTarget "MyHomeWorkUITests" */;
			buildPhases = (
				236098AD1D980892009C589B /* Sources */,
				236098AE1D980892009C589B /* Frameworks */,
				236098AF1D980892009C589B /* Resources */,
			);
			buildRules = (
			);
			dependencies = (
				236098B31D980892009C589B /* PBXTargetDependency */,
			);
			name = MyHomeWorkUITests;
			productName = MyHomeWorkUITests;
			productReference = 236098B11D980892009C589B /* MyHomeWorkUITests.xctest */;
			productType = "com.apple.product-type.bundle.ui-testing";
		};
/* End PBXNativeTarget section */

/* Begin PBXProject section */
		236098851D980892009C589B /* Project object */ = {
			isa = PBXProject;
			attributes = {
				LastUpgradeCheck = 0730;
				ORGANIZATIONNAME = zhandongwang;
				TargetAttributes = {
					2360988C1D980892009C589B = {
						CreatedOnToolsVersion = 7.3.1;
						DevelopmentTeam = 2V9XE4LC4E;
						LastSwiftMigration = 0940;
					};
					236098A51D980892009C589B = {
						CreatedOnToolsVersion = 7.3.1;
						TestTargetID = 2360988C1D980892009C589B;
					};
					236098B01D980892009C589B = {
						CreatedOnToolsVersion = 7.3.1;
						TestTargetID = 2360988C1D980892009C589B;
					};
				};
			};
			buildConfigurationList = 236098881D980892009C589B /* Build configuration list for PBXProject "MyHomeWork" */;
			compatibilityVersion = "Xcode 3.2";
			developmentRegion = English;
			hasScannedForEncodings = 0;
			knownRegions = (
				en,
				Base,
				fr,
				"zh-Hans",
				"zh-Hant",
				ja,
				ko,
			);
			mainGroup = 236098841D980892009C589B;
			productRefGroup = 2360988E1D980892009C589B /* Products */;
			projectDirPath = "";
			projectRoot = "";
			targets = (
				2360988C1D980892009C589B /* MyHomeWork */,
				236098A51D980892009C589B /* MyHomeWorkTests */,
				236098B01D980892009C589B /* MyHomeWorkUITests */,
			);
		};
/* End PBXProject section */

/* Begin PBXResourcesBuildPhase section */
		2360988B1D980892009C589B /* Resources */ = {
			isa = PBXResourcesBuildPhase;
			buildActionMask = 2147483647;
			files = (
				236098A01D980892009C589B /* LaunchScreen.storyboard in Resources */,
				232413AD2255B10E008618C7 /* MFJinHei_Noncommercial-Regular.ttf in Resources */,
				2373072B227147E5003901CC /* test.json in Resources */,
				232413AC2255B10E008618C7 /* Gaspar Regular.otf in Resources */,
				23DE6A231E46F7F200B3FFFD /* Localizable.strings in Resources */,
				23D3682E1E4C5A5300ECC80D /* test2.png in Resources */,
				2335DCBB1E0E137100C48142 /* testWeb.html in Resources */,
				23E77FF721885097009B8E84 /* EvaluatePrice.js in Resources */,
				23965FB521918FED00349149 /* log.js in Resources */,
				232413AA2255B10E008618C7 /* MFTongXin_Noncommercial-Regular.ttf in Resources */,
				232413AB2255B10E008618C7 /* MFZhiHei_Noncommercial-Regular.ttf in Resources */,
				2360989D1D980892009C589B /* Assets.xcassets in Resources */,
				23DE6A191E46F3A800B3FFFD /* InfoPlist.strings in Resources */,
				23683B7322784CE500337D2C /* JsonTemplate.json in Resources */,
			);
			runOnlyForDeploymentPostprocessing = 0;
		};
		236098A41D980892009C589B /* Resources */ = {
			isa = PBXResourcesBuildPhase;
			buildActionMask = 2147483647;
			files = (
			);
			runOnlyForDeploymentPostprocessing = 0;
		};
		236098AF1D980892009C589B /* Resources */ = {
			isa = PBXResourcesBuildPhase;
			buildActionMask = 2147483647;
			files = (
			);
			runOnlyForDeploymentPostprocessing = 0;
		};
/* End PBXResourcesBuildPhase section */

/* Begin PBXShellScriptBuildPhase section */
		99BFA0DD49ACD5C9BE45D3C6 /* [CP] Copy Pods Resources */ = {
			isa = PBXShellScriptBuildPhase;
			buildActionMask = 2147483647;
			files = (
			);
			inputPaths = (
				"${PODS_ROOT}/Target Support Files/Pods-MyHomeWork/Pods-MyHomeWork-resources.sh",
				"${PODS_ROOT}/MJRefresh/MJRefresh/MJRefresh.bundle",
				"${PODS_ROOT}/OCTWebViewBridge/OCTWebViewBridge/Assets/block_plugin_template.js",
				"${PODS_ROOT}/OCTWebViewBridge/OCTWebViewBridge/Assets/block_plugin_with_callback_template.js",
				"${PODS_ROOT}/OCTWebViewBridge/OCTWebViewBridge/Assets/css_injector.js",
				"${PODS_ROOT}/OCTWebViewBridge/OCTWebViewBridge/Assets/log_plugin.js",
				"${PODS_ROOT}/OCTWebViewBridge/OCTWebViewBridge/Assets/message.js",
				"${PODS_ROOT}/OCTWebViewBridge/OCTWebViewBridge/Assets/night.css",
				"${PODS_ROOT}/OCTWebViewBridge/OCTWebViewBridge/Assets/night.js",
				"${PODS_ROOT}/WeexSDK/pre-build/native-bundle-main.js",
				"${PODS_ROOT}/WeexSDK/pre-build/weex-main-jsfm.js",
				"${PODS_ROOT}/WeexSDK/pre-build/weex-polyfill.js",
				"${PODS_ROOT}/WeexSDK/pre-build/weex-rax-api.js",
				"${PODS_ROOT}/WeexSDK/ios/sdk/WeexSDK/Resources/wx_load_error@3x.png",
			);
			name = "[CP] Copy Pods Resources";
			outputPaths = (
				"${TARGET_BUILD_DIR}/${UNLOCALIZED_RESOURCES_FOLDER_PATH}/MJRefresh.bundle",
				"${TARGET_BUILD_DIR}/${UNLOCALIZED_RESOURCES_FOLDER_PATH}/block_plugin_template.js",
				"${TARGET_BUILD_DIR}/${UNLOCALIZED_RESOURCES_FOLDER_PATH}/block_plugin_with_callback_template.js",
				"${TARGET_BUILD_DIR}/${UNLOCALIZED_RESOURCES_FOLDER_PATH}/css_injector.js",
				"${TARGET_BUILD_DIR}/${UNLOCALIZED_RESOURCES_FOLDER_PATH}/log_plugin.js",
				"${TARGET_BUILD_DIR}/${UNLOCALIZED_RESOURCES_FOLDER_PATH}/message.js",
				"${TARGET_BUILD_DIR}/${UNLOCALIZED_RESOURCES_FOLDER_PATH}/night.css",
				"${TARGET_BUILD_DIR}/${UNLOCALIZED_RESOURCES_FOLDER_PATH}/night.js",
				"${TARGET_BUILD_DIR}/${UNLOCALIZED_RESOURCES_FOLDER_PATH}/native-bundle-main.js",
				"${TARGET_BUILD_DIR}/${UNLOCALIZED_RESOURCES_FOLDER_PATH}/weex-main-jsfm.js",
				"${TARGET_BUILD_DIR}/${UNLOCALIZED_RESOURCES_FOLDER_PATH}/weex-polyfill.js",
				"${TARGET_BUILD_DIR}/${UNLOCALIZED_RESOURCES_FOLDER_PATH}/weex-rax-api.js",
				"${TARGET_BUILD_DIR}/${UNLOCALIZED_RESOURCES_FOLDER_PATH}/wx_load_error@3x.png",
			);
			runOnlyForDeploymentPostprocessing = 0;
			shellPath = /bin/sh;
			shellScript = "\"${PODS_ROOT}/Target Support Files/Pods-MyHomeWork/Pods-MyHomeWork-resources.sh\"\n";
			showEnvVarsInLog = 0;
		};
		D469D670E707F16AA547A6A3 /* [CP] Check Pods Manifest.lock */ = {
			isa = PBXShellScriptBuildPhase;
			buildActionMask = 2147483647;
			files = (
			);
			inputPaths = (
				"${PODS_PODFILE_DIR_PATH}/Podfile.lock",
				"${PODS_ROOT}/Manifest.lock",
			);
			name = "[CP] Check Pods Manifest.lock";
			outputPaths = (
				"$(DERIVED_FILE_DIR)/Pods-MyHomeWork-checkManifestLockResult.txt",
			);
			runOnlyForDeploymentPostprocessing = 0;
			shellPath = /bin/sh;
			shellScript = "diff \"${PODS_PODFILE_DIR_PATH}/Podfile.lock\" \"${PODS_ROOT}/Manifest.lock\" > /dev/null\nif [ $? != 0 ] ; then\n    # print error to STDERR\n    echo \"error: The sandbox is not in sync with the Podfile.lock. Run 'pod install' or update your CocoaPods installation.\" >&2\n    exit 1\nfi\n# This output is used by Xcode 'outputs' to avoid re-running this script phase.\necho \"SUCCESS\" > \"${SCRIPT_OUTPUT_FILE_0}\"\n";
			showEnvVarsInLog = 0;
		};
/* End PBXShellScriptBuildPhase section */

/* Begin PBXSourcesBuildPhase section */
		236098891D980892009C589B /* Sources */ = {
			isa = PBXSourcesBuildPhase;
			buildActionMask = 2147483647;
			files = (
				23BFA07021DCD7B80045AF0B /* RACViewModel.m in Sources */,
				23CCB5A12252014F00A5EE8E /* UITableView+Analysis.m in Sources */,
				23E8B79321E5E01700FD446F /* DHOrderDishModel.m in Sources */,
				237600962251DEAE00900FAA /* UIViewController+Analysis.m in Sources */,
				232090A12276FFB90034CA96 /* FLCollectionViewLinearLayout.m in Sources */,
				23634C6321F1796B0028B669 /* FLDoor.m in Sources */,
				23CDBEDF2277DD3D009D62C5 /* FLCollectionViewWaterFallLayout.m in Sources */,
				23CCB59B2251EF4E00A5EE8E /* NSObject+Analysis.m in Sources */,
				236F8E8F224329F20092CD48 /* FLSecondProxy.m in Sources */,
				23E5A0E322585377006BDDA9 /* FLSwiftStudyBaseViewController.swift in Sources */,
				23683B5F2278212B00337D2C /* FLCTViewController.m in Sources */,
				232413A4225596AB008618C7 /* FLSwiftStudySecondViewController.swift in Sources */,
				23634C5D21F177E20028B669 /* FLBuilder.m in Sources */,
				236F1A2C22156ADA009E8C11 /* FLBookProvider.m in Sources */,
				23BF048621353D0200ECD946 /* FLBaseViewController.m in Sources */,
				23BF04822134E8F600ECD946 /* NSObject+Caculator.m in Sources */,
				23683B68227839BC00337D2C /* CTFrameParser.m in Sources */,
				2304FCD42277ECC400754B13 /* FLCollectionViewCircleLayout.m in Sources */,
				23BF048921353D2100ECD946 /* FLUIKitViewController.m in Sources */,
				23E8B79C21E6E67E00FD446F /* DHOrderDishModel+Test2.m in Sources */,
				23E8B79621E5E07A00FD446F /* DHOrderDishModel+Test.m in Sources */,
				23BF04802134E8F600ECD946 /* CaculatorMaker.m in Sources */,
				23CCB5A42252123E00A5EE8E /* UIGestureRecognizer+Analysis.m in Sources */,
				23683B652278398300337D2C /* CTFrameParserConfig.m in Sources */,
				23634C6921F1797F0028B669 /* FLWheel.m in Sources */,
				23BFA07321DCD7E00045AF0B /* RACRequest.m in Sources */,
				2374CFB01E518C62001B799D /* DHMessageKinds.m in Sources */,
				23683B592278187C00337D2C /* FLTableViewController.m in Sources */,
				237BE7692230C3510097AE6F /* FLTestModel.m in Sources */,
				236F1A2F22156B32009E8C11 /* FLClothesProvider.m in Sources */,
				232090A42277019E0034CA96 /* FLCollectionViewCell.m in Sources */,
				23BF04832134E8F600ECD946 /* Caculator.m in Sources */,
				2307F1692064A3F60060A688 /* WZDPatchTest.m in Sources */,
				23634C6621F179750028B669 /* FLEngine.m in Sources */,
				2374CFB11E518C62001B799D /* DHMessageModel.m in Sources */,
				232413A2225595F3008618C7 /* FLSwiftStudyGlobal.swift in Sources */,
				23CCB5C62254B80D00A5EE8E /* FLSwiftStudyFirstViewController.swift in Sources */,
				23CCB59E2251F35300A5EE8E /* UIControl+Analysis.m in Sources */,
				23BF04812134E8F600ECD946 /* RACViewController.m in Sources */,
				2307F1662064A2120060A688 /* WZDPatch.m in Sources */,
				23E5A0E122585322006BDDA9 /* FLSwiftStudy27ThirdViewController.swift in Sources */,
				23ADA72A227EE26700ED1FA3 /* CoreTextImageData.m in Sources */,
				2320909E2276FF540034CA96 /* FLCollectionViewController.m in Sources */,
				23E77FFA218855FD009B8E84 /* FLWebViewController.m in Sources */,
				23634C5821F16FE50028B669 /* FLCashContext.m in Sources */,
				2374CFBD1E5195A3001B799D /* UIViewController+DHRouter.m in Sources */,
				23965FB321918F4200349149 /* WebPlugin.m in Sources */,
				23608A921E050F7100C4D190 /* FLCustomView.m in Sources */,
				23634C4C21F167630028B669 /* FLOperationFactory.m in Sources */,
				2374CFAF1E518C62001B799D /* DHAllOrderModel.m in Sources */,
				2373072E2271488C003901CC /* ResultModel.m in Sources */,
				23E5A0DD22585302006BDDA9 /* FLSwiftStudy27FirstViewController.swift in Sources */,
				2356D6E0221E8AC500DC57D7 /* FLFMDBHelper.m in Sources */,
				23965FC12193DF4500349149 /* FLCar.m in Sources */,
				2374CFB21E518C62001B799D /* DHOrderKind.m in Sources */,
				23634C4921F166590028B669 /* FLOperation.m in Sources */,
				23ADA727227EDBE500ED1FA3 /* FLConcurrentViewController.m in Sources */,
				236098951D980892009C589B /* AppDelegate.m in Sources */,
				23E77FF521884539009B8E84 /* JSPerson.m in Sources */,
				23683B62227831D200337D2C /* FLCTView.m in Sources */,
				23965FC721940ED600349149 /* FLProxy.m in Sources */,
				236098921D980892009C589B /* main.m in Sources */,
				2374CFBA1E518D45001B799D /* FRCBaseViewController.m in Sources */,
				23965FBA2191B9A000349149 /* FLSwiftWebViewController.swift in Sources */,
				23634C5521F16F710028B669 /* FLCashRebate.m in Sources */,
				2356D6DD221E897900DC57D7 /* FLMsgModel.m in Sources */,
				23E5A0DF22585317006BDDA9 /* FLSwiftStudy27SecondViewController.swift in Sources */,
				23683B6E22783EB200337D2C /* CTDisplayView.m in Sources */,
				23634C5221F16E7D0028B669 /* FLCashNormal.m in Sources */,
				23965FC42193E3AC00349149 /* FLPerson.m in Sources */,
				23683B6B227839EA00337D2C /* CoreTextData.m in Sources */,
				23683B71227842FC00337D2C /* UIView+CTFrame.m in Sources */,
				23E5A0DB22584DA5006BDDA9 /* FLSwiftStudy27.swift in Sources */,
				237EE7122159CC850056116E /* DHUserModel.m in Sources */,
				2374CFB31E518C62001B799D /* DHOrderModel.m in Sources */,
			);
			runOnlyForDeploymentPostprocessing = 0;
		};
		236098A21D980892009C589B /* Sources */ = {
			isa = PBXSourcesBuildPhase;
			buildActionMask = 2147483647;
			files = (
				236098AB1D980892009C589B /* MyHomeWorkTests.m in Sources */,
			);
			runOnlyForDeploymentPostprocessing = 0;
		};
		236098AD1D980892009C589B /* Sources */ = {
			isa = PBXSourcesBuildPhase;
			buildActionMask = 2147483647;
			files = (
				236098B61D980892009C589B /* MyHomeWorkUITests.m in Sources */,
			);
			runOnlyForDeploymentPostprocessing = 0;
		};
/* End PBXSourcesBuildPhase section */

/* Begin PBXTargetDependency section */
		236098A81D980892009C589B /* PBXTargetDependency */ = {
			isa = PBXTargetDependency;
			target = 2360988C1D980892009C589B /* MyHomeWork */;
			targetProxy = 236098A71D980892009C589B /* PBXContainerItemProxy */;
		};
		236098B31D980892009C589B /* PBXTargetDependency */ = {
			isa = PBXTargetDependency;
			target = 2360988C1D980892009C589B /* MyHomeWork */;
			targetProxy = 236098B21D980892009C589B /* PBXContainerItemProxy */;
		};
/* End PBXTargetDependency section */

/* Begin PBXVariantGroup section */
		2360989E1D980892009C589B /* LaunchScreen.storyboard */ = {
			isa = PBXVariantGroup;
			children = (
				2360989F1D980892009C589B /* Base */,
				23DE6A0E1E46F27E00B3FFFD /* fr */,
				23DE6A101E46F28400B3FFFD /* zh-Hans */,
				23DE6A121E46F28900B3FFFD /* zh-Hant */,
				23DE6A141E46F29100B3FFFD /* ja */,
				23DE6A161E46F29D00B3FFFD /* ko */,
			);
			name = LaunchScreen.storyboard;
			sourceTree = "<group>";
		};
		23D368301E4C5A5300ECC80D /* test2.png */ = {
			isa = PBXVariantGroup;
			children = (
				23D3682F1E4C5A5300ECC80D /* en */,
				23D368311E4C5A5900ECC80D /* zh-Hans */,
			);
			name = test2.png;
			sourceTree = "<group>";
		};
		23DE6A1B1E46F3A800B3FFFD /* InfoPlist.strings */ = {
			isa = PBXVariantGroup;
			children = (
				23DE6A1A1E46F3A800B3FFFD /* en */,
				23DE6A1C1E46F3D800B3FFFD /* fr */,
				23DE6A1D1E46F3DA00B3FFFD /* zh-Hans */,
				23DE6A1E1E46F3DB00B3FFFD /* zh-Hant */,
				23DE6A1F1E46F3DC00B3FFFD /* ja */,
				23DE6A201E46F3DF00B3FFFD /* ko */,
			);
			name = InfoPlist.strings;
			sourceTree = "<group>";
		};
		23DE6A251E46F7F200B3FFFD /* Localizable.strings */ = {
			isa = PBXVariantGroup;
			children = (
				23DE6A241E46F7F200B3FFFD /* en */,
				23DE6A261E46F7F400B3FFFD /* fr */,
				23DE6A271E46F7FB00B3FFFD /* zh-Hans */,
				23DE6A281E46F7FD00B3FFFD /* zh-Hant */,
				23DE6A291E46F7FE00B3FFFD /* ko */,
			);
			name = Localizable.strings;
			sourceTree = "<group>";
		};
/* End PBXVariantGroup section */

/* Begin XCBuildConfiguration section */
		236098B81D980892009C589B /* Debug */ = {
			isa = XCBuildConfiguration;
			buildSettings = {
				ALWAYS_SEARCH_USER_PATHS = NO;
				CLANG_ANALYZER_LOCALIZABILITY_NONLOCALIZED = YES;
				CLANG_ANALYZER_NONNULL = YES;
				CLANG_CXX_LANGUAGE_STANDARD = "gnu++0x";
				CLANG_CXX_LIBRARY = "libc++";
				CLANG_ENABLE_MODULES = YES;
				CLANG_ENABLE_OBJC_ARC = YES;
				CLANG_WARN_BOOL_CONVERSION = YES;
				CLANG_WARN_CONSTANT_CONVERSION = YES;
				CLANG_WARN_DIRECT_OBJC_ISA_USAGE = YES_ERROR;
				CLANG_WARN_EMPTY_BODY = YES;
				CLANG_WARN_ENUM_CONVERSION = YES;
				CLANG_WARN_INT_CONVERSION = YES;
				CLANG_WARN_OBJC_ROOT_CLASS = YES_ERROR;
				CLANG_WARN_UNREACHABLE_CODE = YES;
				CLANG_WARN__DUPLICATE_METHOD_MATCH = YES;
				"CODE_SIGN_IDENTITY[sdk=iphoneos*]" = "iPhone Developer";
				COPY_PHASE_STRIP = NO;
				DEBUG_INFORMATION_FORMAT = dwarf;
				ENABLE_STRICT_OBJC_MSGSEND = YES;
				ENABLE_TESTABILITY = YES;
				GCC_C_LANGUAGE_STANDARD = gnu99;
				GCC_DYNAMIC_NO_PIC = NO;
				GCC_NO_COMMON_BLOCKS = YES;
				GCC_OPTIMIZATION_LEVEL = 0;
				GCC_PREPROCESSOR_DEFINITIONS = (
					"DEBUG=1",
					"$(inherited)",
				);
				GCC_WARN_64_TO_32_BIT_CONVERSION = YES;
				GCC_WARN_ABOUT_RETURN_TYPE = YES_ERROR;
				GCC_WARN_UNDECLARED_SELECTOR = YES;
				GCC_WARN_UNINITIALIZED_AUTOS = YES_AGGRESSIVE;
				GCC_WARN_UNUSED_FUNCTION = YES;
				GCC_WARN_UNUSED_VARIABLE = YES;
				IPHONEOS_DEPLOYMENT_TARGET = 9.3;
				LD_GENERATE_MAP_FILE = YES;
				LD_MAP_FILE_PATH = "$(TARGET_TEMP_DIR)/$(PRODUCT_NAME)-LinkMap-$(CURRENT_VARIANT)-$(CURRENT_ARCH).txt";
				MTL_ENABLE_DEBUG_INFO = YES;
				ONLY_ACTIVE_ARCH = YES;
				SDKROOT = iphoneos;
				TARGETED_DEVICE_FAMILY = "1,2";
			};
			name = Debug;
		};
		236098B91D980892009C589B /* Release */ = {
			isa = XCBuildConfiguration;
			buildSettings = {
				ALWAYS_SEARCH_USER_PATHS = NO;
				CLANG_ANALYZER_LOCALIZABILITY_NONLOCALIZED = YES;
				CLANG_ANALYZER_NONNULL = YES;
				CLANG_CXX_LANGUAGE_STANDARD = "gnu++0x";
				CLANG_CXX_LIBRARY = "libc++";
				CLANG_ENABLE_MODULES = YES;
				CLANG_ENABLE_OBJC_ARC = YES;
				CLANG_WARN_BOOL_CONVERSION = YES;
				CLANG_WARN_CONSTANT_CONVERSION = YES;
				CLANG_WARN_DIRECT_OBJC_ISA_USAGE = YES_ERROR;
				CLANG_WARN_EMPTY_BODY = YES;
				CLANG_WARN_ENUM_CONVERSION = YES;
				CLANG_WARN_INT_CONVERSION = YES;
				CLANG_WARN_OBJC_ROOT_CLASS = YES_ERROR;
				CLANG_WARN_UNREACHABLE_CODE = YES;
				CLANG_WARN__DUPLICATE_METHOD_MATCH = YES;
				"CODE_SIGN_IDENTITY[sdk=iphoneos*]" = "iPhone Developer";
				COPY_PHASE_STRIP = NO;
				DEBUG_INFORMATION_FORMAT = "dwarf-with-dsym";
				ENABLE_NS_ASSERTIONS = NO;
				ENABLE_STRICT_OBJC_MSGSEND = YES;
				GCC_C_LANGUAGE_STANDARD = gnu99;
				GCC_NO_COMMON_BLOCKS = YES;
				GCC_WARN_64_TO_32_BIT_CONVERSION = YES;
				GCC_WARN_ABOUT_RETURN_TYPE = YES_ERROR;
				GCC_WARN_UNDECLARED_SELECTOR = YES;
				GCC_WARN_UNINITIALIZED_AUTOS = YES_AGGRESSIVE;
				GCC_WARN_UNUSED_FUNCTION = YES;
				GCC_WARN_UNUSED_VARIABLE = YES;
				IPHONEOS_DEPLOYMENT_TARGET = 9.3;
				LD_GENERATE_MAP_FILE = YES;
				MTL_ENABLE_DEBUG_INFO = NO;
				SDKROOT = iphoneos;
				TARGETED_DEVICE_FAMILY = "1,2";
				VALIDATE_PRODUCT = YES;
			};
			name = Release;
		};
		236098BB1D980892009C589B /* Debug */ = {
			isa = XCBuildConfiguration;
			baseConfigurationReference = 0BCFDF0087E34B7DC8491769 /* Pods-MyHomeWork.debug.xcconfig */;
			buildSettings = {
				ASSETCATALOG_COMPILER_APPICON_NAME = AppIcon;
				CLANG_ENABLE_MODULES = YES;
				CODE_SIGN_IDENTITY = "iPhone Developer";
				DEVELOPMENT_TEAM = 2V9XE4LC4E;
				GCC_PRECOMPILE_PREFIX_HEADER = YES;
				GCC_PREFIX_HEADER = "$(SRCROOT)/MyHomeWork/MyHomeWork-Prefix.pch";
				INFOPLIST_FILE = MyHomeWork/Info.plist;
				LD_GENERATE_MAP_FILE = YES;
				LD_RUNPATH_SEARCH_PATHS = "$(inherited) @executable_path/Frameworks";
				PRODUCT_BUNDLE_IDENTIFIER = zhandongwang.MyHomeWork;
				PRODUCT_NAME = "$(TARGET_NAME)";
				SWIFT_OBJC_BRIDGING_HEADER = "MyHomeWork/MyHomeWork-Bridging-Header.h";
				SWIFT_OPTIMIZATION_LEVEL = "-Onone";
				SWIFT_VERSION = 4.0;
			};
			name = Debug;
		};
		236098BC1D980892009C589B /* Release */ = {
			isa = XCBuildConfiguration;
			baseConfigurationReference = FC7A47D341A6CDDDD0A9797C /* Pods-MyHomeWork.release.xcconfig */;
			buildSettings = {
				ASSETCATALOG_COMPILER_APPICON_NAME = AppIcon;
				CLANG_ENABLE_MODULES = YES;
				CODE_SIGN_IDENTITY = "iPhone Developer";
				DEVELOPMENT_TEAM = 2V9XE4LC4E;
				GCC_PRECOMPILE_PREFIX_HEADER = YES;
				GCC_PREFIX_HEADER = "$(SRCROOT)/MyHomeWork/MyHomeWork-Prefix.pch";
				INFOPLIST_FILE = MyHomeWork/Info.plist;
				LD_GENERATE_MAP_FILE = YES;
				LD_RUNPATH_SEARCH_PATHS = "$(inherited) @executable_path/Frameworks";
				PRODUCT_BUNDLE_IDENTIFIER = zhandongwang.MyHomeWork;
				PRODUCT_NAME = "$(TARGET_NAME)";
				SWIFT_OBJC_BRIDGING_HEADER = "MyHomeWork/MyHomeWork-Bridging-Header.h";
				SWIFT_VERSION = 4.0;
			};
			name = Release;
		};
		236098BE1D980892009C589B /* Debug */ = {
			isa = XCBuildConfiguration;
			buildSettings = {
				ALWAYS_EMBED_SWIFT_STANDARD_LIBRARIES = YES;
				BUNDLE_LOADER = "$(TEST_HOST)";
				INFOPLIST_FILE = MyHomeWorkTests/Info.plist;
				LD_RUNPATH_SEARCH_PATHS = "$(inherited) @executable_path/Frameworks @loader_path/Frameworks";
				PRODUCT_BUNDLE_IDENTIFIER = zhandongwang.MyHomeWorkTests;
				PRODUCT_NAME = "$(TARGET_NAME)";
				TEST_HOST = "$(BUILT_PRODUCTS_DIR)/MyHomeWork.app/MyHomeWork";
			};
			name = Debug;
		};
		236098BF1D980892009C589B /* Release */ = {
			isa = XCBuildConfiguration;
			buildSettings = {
				ALWAYS_EMBED_SWIFT_STANDARD_LIBRARIES = YES;
				BUNDLE_LOADER = "$(TEST_HOST)";
				INFOPLIST_FILE = MyHomeWorkTests/Info.plist;
				LD_RUNPATH_SEARCH_PATHS = "$(inherited) @executable_path/Frameworks @loader_path/Frameworks";
				PRODUCT_BUNDLE_IDENTIFIER = zhandongwang.MyHomeWorkTests;
				PRODUCT_NAME = "$(TARGET_NAME)";
				TEST_HOST = "$(BUILT_PRODUCTS_DIR)/MyHomeWork.app/MyHomeWork";
			};
			name = Release;
		};
		236098C11D980892009C589B /* Debug */ = {
			isa = XCBuildConfiguration;
			buildSettings = {
				ALWAYS_EMBED_SWIFT_STANDARD_LIBRARIES = YES;
				INFOPLIST_FILE = MyHomeWorkUITests/Info.plist;
				LD_RUNPATH_SEARCH_PATHS = "$(inherited) @executable_path/Frameworks @loader_path/Frameworks";
				PRODUCT_BUNDLE_IDENTIFIER = zhandongwang.MyHomeWorkUITests;
				PRODUCT_NAME = "$(TARGET_NAME)";
				TEST_TARGET_NAME = MyHomeWork;
			};
			name = Debug;
		};
		236098C21D980892009C589B /* Release */ = {
			isa = XCBuildConfiguration;
			buildSettings = {
				ALWAYS_EMBED_SWIFT_STANDARD_LIBRARIES = YES;
				INFOPLIST_FILE = MyHomeWorkUITests/Info.plist;
				LD_RUNPATH_SEARCH_PATHS = "$(inherited) @executable_path/Frameworks @loader_path/Frameworks";
				PRODUCT_BUNDLE_IDENTIFIER = zhandongwang.MyHomeWorkUITests;
				PRODUCT_NAME = "$(TARGET_NAME)";
				TEST_TARGET_NAME = MyHomeWork;
			};
			name = Release;
		};
/* End XCBuildConfiguration section */

/* Begin XCConfigurationList section */
		236098881D980892009C589B /* Build configuration list for PBXProject "MyHomeWork" */ = {
			isa = XCConfigurationList;
			buildConfigurations = (
				236098B81D980892009C589B /* Debug */,
				236098B91D980892009C589B /* Release */,
			);
			defaultConfigurationIsVisible = 0;
			defaultConfigurationName = Release;
		};
		236098BA1D980892009C589B /* Build configuration list for PBXNativeTarget "MyHomeWork" */ = {
			isa = XCConfigurationList;
			buildConfigurations = (
				236098BB1D980892009C589B /* Debug */,
				236098BC1D980892009C589B /* Release */,
			);
			defaultConfigurationIsVisible = 0;
			defaultConfigurationName = Release;
		};
		236098BD1D980892009C589B /* Build configuration list for PBXNativeTarget "MyHomeWorkTests" */ = {
			isa = XCConfigurationList;
			buildConfigurations = (
				236098BE1D980892009C589B /* Debug */,
				236098BF1D980892009C589B /* Release */,
			);
			defaultConfigurationIsVisible = 0;
			defaultConfigurationName = Release;
		};
		236098C01D980892009C589B /* Build configuration list for PBXNativeTarget "MyHomeWorkUITests" */ = {
			isa = XCConfigurationList;
			buildConfigurations = (
				236098C11D980892009C589B /* Debug */,
				236098C21D980892009C589B /* Release */,
			);
			defaultConfigurationIsVisible = 0;
			defaultConfigurationName = Release;
		};
/* End XCConfigurationList section */
	};
	rootObject = 236098851D980892009C589B /* Project object */;
}
